<?xml version="1.0" encoding="utf-8"?>
<Project ToolsVersion="4.0" xmlns="http://schemas.microsoft.com/developer/msbuild/2003">
  <ItemGroup>
    <Filter Include="Source Files">
      <UniqueIdentifier>{4FC737F1-C7A5-4376-A066-2A32D752A2FF}</UniqueIdentifier>
      <Extensions>cpp;c;cc;cxx;c++;cppm;ixx;def;odl;idl;hpj;bat;asm;asmx</Extensions>
    </Filter>
    <Filter Include="Header Files">
      <UniqueIdentifier>{93995380-89BD-4b04-88EB-625FBE52EBFB}</UniqueIdentifier>
      <Extensions>h;hh;hpp;hxx;h++;hm;inl;inc;ipp;xsd</Extensions>
    </Filter>
    <Filter Include="Resource Files">
      <UniqueIdentifier>{67DA6AB6-F800-4c08-8B7A-83BB121AAD01}</UniqueIdentifier>
      <Extensions>rc;ico;cur;bmp;dlg;rc2;rct;bin;rgs;gif;jpg;jpeg;jpe;resx;tiff;tif;png;wav;mfcribbon-ms</Extensions>
    </Filter>
    <Filter Include="Module Files">
      <UniqueIdentifier>{cd67d22f-dd92-455c-9d5b-5732fa53a0b4}</UniqueIdentifier>
    </Filter>
    <Filter Include="Matts Custom Libraries">
      <UniqueIdentifier>{156e8410-a23e-4120-8054-3298067c15ef}</UniqueIdentifier>
    </Filter>
    <Filter Include="Matts Custom Libraries\KHR">
      <UniqueIdentifier>{ba80a536-bbad-4ba0-aa6c-7cd7cf5ee000}</UniqueIdentifier>
    </Filter>
    <Filter Include="Matts Custom Libraries\GLAD">
      <UniqueIdentifier>{e04c3a7d-2332-47e4-aad7-f55f2e5ea3a6}</UniqueIdentifier>
    </Filter>
    <Filter Include="Matts Custom Libraries\GLM">
      <UniqueIdentifier>{3564ba5e-7b9e-4dc2-a223-457c9a531df5}</UniqueIdentifier>
    </Filter>
    <Filter Include="Matts Custom Libraries\KeyboardInput">
      <UniqueIdentifier>{f4e389fc-f6e2-406a-88b3-613f67f9e14e}</UniqueIdentifier>
    </Filter>
    <Filter Include="Matts Custom Libraries\WindowContext">
      <UniqueIdentifier>{125852fc-a90b-443f-9d1d-5bc4e26de16b}</UniqueIdentifier>
    </Filter>
    <Filter Include="Matts Custom Libraries\Debug">
      <UniqueIdentifier>{1e718425-66a9-4eb5-9884-a395930ddf34}</UniqueIdentifier>
    </Filter>
    <Filter Include="Matts Custom Libraries\Vulkan">
      <UniqueIdentifier>{f70c6d21-4617-43bb-adad-1d1d9e1be4af}</UniqueIdentifier>
    </Filter>
    <Filter Include="Matts Custom Libraries\Shaders">
      <UniqueIdentifier>{b08627be-80ea-4bea-bd47-a79ba48413a4}</UniqueIdentifier>
    </Filter>
    <Filter Include="Matts Custom Libraries\Objects">
      <UniqueIdentifier>{0b828510-cfd3-4563-b5d5-96a52f2e195b}</UniqueIdentifier>
    </Filter>
    <Filter Include="Matts Custom Libraries\GLAD\WGL">
      <UniqueIdentifier>{9f6b9b59-d311-451f-9342-e8ccfee73a1f}</UniqueIdentifier>
    </Filter>
    <Filter Include="Matts Custom Libraries\Objects\RenderObject">
      <UniqueIdentifier>{1bcf9da8-0b70-4107-a5a0-ac4753ded97f}</UniqueIdentifier>
    </Filter>
    <Filter Include="Matts Custom Libraries\Objects\RenderObject\Data">
      <UniqueIdentifier>{27221c87-1880-42a3-8195-e2c1bb4ef803}</UniqueIdentifier>
    </Filter>
    <Filter Include="Matts Custom Libraries\Objects\RenderObject\Helpers">
      <UniqueIdentifier>{8f3a1ded-755f-46aa-82ff-30ec91254909}</UniqueIdentifier>
    </Filter>
    <Filter Include="Matts Custom Libraries\Objects\RenderObject\Data\NodeHandling">
      <UniqueIdentifier>{acbed29c-35c0-4c09-810e-329764ee57d9}</UniqueIdentifier>
    </Filter>
    <Filter Include="Matts Custom Libraries\GLAD\V1">
      <UniqueIdentifier>{d32f20d4-d134-4cb8-a5f7-3e1e23c05c4b}</UniqueIdentifier>
    </Filter>
    <Filter Include="Matts Custom Libraries\GLAD\V2">
      <UniqueIdentifier>{1e5c83b6-56e4-4a67-b72e-01d822633e9a}</UniqueIdentifier>
    </Filter>
    <Filter Include="Matts Custom Libraries\GLAD\V3">
      <UniqueIdentifier>{60781f2c-b8cb-48c8-bc10-9a821397527d}</UniqueIdentifier>
    </Filter>
    <Filter Include="Matts Custom Libraries\GLAD\V4">
      <UniqueIdentifier>{f71d230a-5a4f-43b2-9f9b-44f50dc61ddd}</UniqueIdentifier>
    </Filter>
    <Filter Include="Matts Custom Libraries\Objects\RenderObject\Helpers\BlenderImpl">
      <UniqueIdentifier>{cea5d6d7-e18d-44fd-823d-3a068e203e7f}</UniqueIdentifier>
    </Filter>
    <Filter Include="Matts Custom Libraries\GLAD\V1\1.0">
      <UniqueIdentifier>{9df68713-a227-40bd-9b26-68165ce0f6fe}</UniqueIdentifier>
    </Filter>
    <Filter Include="Matts Custom Libraries\GLAD\V1\1.1">
      <UniqueIdentifier>{af4bfcac-a062-4c0d-8e80-0158b8717ecd}</UniqueIdentifier>
    </Filter>
    <Filter Include="Matts Custom Libraries\GLAD\V1\1.2">
      <UniqueIdentifier>{7f5d996c-1df6-43ab-88b9-fa7b98500145}</UniqueIdentifier>
    </Filter>
    <Filter Include="Matts Custom Libraries\GLAD\V1\1.3">
      <UniqueIdentifier>{86a9965a-4759-4f1c-bfc0-5a29106eed62}</UniqueIdentifier>
    </Filter>
    <Filter Include="Matts Custom Libraries\GLAD\V1\1.4">
      <UniqueIdentifier>{dde7a4d9-e292-4546-ba8d-0ff18ec653b5}</UniqueIdentifier>
    </Filter>
    <Filter Include="Matts Custom Libraries\GLAD\V1\1.5">
      <UniqueIdentifier>{4af9ebc3-4837-49c9-af8f-cd790f13afaa}</UniqueIdentifier>
    </Filter>
    <Filter Include="Matts Custom Libraries\GLAD\V2\2.0">
      <UniqueIdentifier>{e6dfcb42-bcde-4e84-8f0f-0f6aad5a74ff}</UniqueIdentifier>
    </Filter>
    <Filter Include="Matts Custom Libraries\GLAD\V2\2.1">
      <UniqueIdentifier>{96c63523-b49f-45b2-b561-5b0561031707}</UniqueIdentifier>
    </Filter>
    <Filter Include="Matts Custom Libraries\GLAD\V3\3.0">
      <UniqueIdentifier>{871b2e24-9da5-4c07-bb7d-2a5cf028e083}</UniqueIdentifier>
    </Filter>
    <Filter Include="Matts Custom Libraries\GLAD\V3\3.1">
      <UniqueIdentifier>{20ed3130-dcbe-4130-9fba-999104674a7d}</UniqueIdentifier>
    </Filter>
    <Filter Include="Matts Custom Libraries\GLAD\V3\3.2">
      <UniqueIdentifier>{45a0a61a-03db-4538-beb8-d09ca18cd892}</UniqueIdentifier>
    </Filter>
    <Filter Include="Matts Custom Libraries\GLAD\V3\3.3">
      <UniqueIdentifier>{810436e8-4c09-48f9-8ee8-95a2ddc08b3f}</UniqueIdentifier>
    </Filter>
    <Filter Include="Matts Custom Libraries\GLAD\V4\4.0">
      <UniqueIdentifier>{24b8d455-9202-4cb8-995a-ef1b513dba35}</UniqueIdentifier>
    </Filter>
    <Filter Include="Matts Custom Libraries\GLAD\V4\4.1">
      <UniqueIdentifier>{3aac38fc-ca44-4cf6-99e0-fc0e73f144d0}</UniqueIdentifier>
    </Filter>
    <Filter Include="Matts Custom Libraries\GLAD\V4\4.2">
      <UniqueIdentifier>{6da66120-a47c-4bf6-8e8f-493a706423bc}</UniqueIdentifier>
    </Filter>
    <Filter Include="Matts Custom Libraries\GLAD\V4\4.3">
      <UniqueIdentifier>{550bff1f-bee6-4253-9a52-1791afca05bd}</UniqueIdentifier>
    </Filter>
    <Filter Include="Matts Custom Libraries\GLAD\V4\4.4">
      <UniqueIdentifier>{25f6ad36-86c1-4494-ab70-c7bb2557c4f1}</UniqueIdentifier>
    </Filter>
    <Filter Include="Matts Custom Libraries\GLAD\V4\4.5">
      <UniqueIdentifier>{da13f1bb-0a6c-4f26-8bf8-4d784010c499}</UniqueIdentifier>
    </Filter>
    <Filter Include="Matts Custom Libraries\GLAD\V4\4.6">
      <UniqueIdentifier>{abfca363-a35a-4e11-8346-42aa1d581eea}</UniqueIdentifier>
    </Filter>
  </ItemGroup>
  <ItemGroup>
    <ClCompile Include="Cheese.cpp">
      <Filter>Source Files</Filter>
    </ClCompile>
    <ClCompile Include="KHR\KHR.ixx">
      <Filter>Matts Custom Libraries\KHR</Filter>
    </ClCompile>
    <ClCompile Include="GLM\glm\modules\GLM-detail_compute_common.ixx">
      <Filter>Matts Custom Libraries\GLM</Filter>
    </ClCompile>
    <ClCompile Include="GLM\glm\modules\GLM-detail_compute_vector_relational.ixx">
      <Filter>Matts Custom Libraries\GLM</Filter>
    </ClCompile>
    <ClCompile Include="GLM\glm\modules\GLM-detail_qualifier.ixx">
      <Filter>Matts Custom Libraries\GLM</Filter>
    </ClCompile>
    <ClCompile Include="GLM\glm\modules\GLM-detail_setup.ixx">
      <Filter>Matts Custom Libraries\GLM</Filter>
    </ClCompile>
    <ClCompile Include="GLM\glm\modules\GLM-detail_type_float.ixx">
      <Filter>Matts Custom Libraries\GLM</Filter>
    </ClCompile>
    <ClCompile Include="GLM\glm\modules\GLM-detail_type_half.ixx">
      <Filter>Matts Custom Libraries\GLM</Filter>
    </ClCompile>
    <ClCompile Include="GLM\glm\modules\GLM-detail_type_mat2x2.ixx">
      <Filter>Matts Custom Libraries\GLM</Filter>
    </ClCompile>
    <ClCompile Include="GLM\glm\modules\GLM-detail_type_mat2x3.ixx">
      <Filter>Matts Custom Libraries\GLM</Filter>
    </ClCompile>
    <ClCompile Include="GLM\glm\modules\GLM-detail_type_mat2x4.ixx">
      <Filter>Matts Custom Libraries\GLM</Filter>
    </ClCompile>
    <ClCompile Include="GLM\glm\modules\GLM-detail_type_mat3x2.ixx">
      <Filter>Matts Custom Libraries\GLM</Filter>
    </ClCompile>
    <ClCompile Include="GLM\glm\modules\GLM-detail_type_mat3x3.ixx">
      <Filter>Matts Custom Libraries\GLM</Filter>
    </ClCompile>
    <ClCompile Include="GLM\glm\modules\GLM-detail_type_mat3x4.ixx">
      <Filter>Matts Custom Libraries\GLM</Filter>
    </ClCompile>
    <ClCompile Include="GLM\glm\modules\GLM-detail_type_mat4x2.ixx">
      <Filter>Matts Custom Libraries\GLM</Filter>
    </ClCompile>
    <ClCompile Include="GLM\glm\modules\GLM-detail_type_mat4x3.ixx">
      <Filter>Matts Custom Libraries\GLM</Filter>
    </ClCompile>
    <ClCompile Include="GLM\glm\modules\GLM-detail_type_mat4x4.ixx">
      <Filter>Matts Custom Libraries\GLM</Filter>
    </ClCompile>
    <ClCompile Include="GLM\glm\modules\GLM-detail_type_quat.ixx">
      <Filter>Matts Custom Libraries\GLM</Filter>
    </ClCompile>
    <ClCompile Include="GLM\glm\modules\GLM-detail_type_vec1.ixx">
      <Filter>Matts Custom Libraries\GLM</Filter>
    </ClCompile>
    <ClCompile Include="GLM\glm\modules\GLM-detail_type_vec2.ixx">
      <Filter>Matts Custom Libraries\GLM</Filter>
    </ClCompile>
    <ClCompile Include="GLM\glm\modules\GLM-detail_type_vec3.ixx">
      <Filter>Matts Custom Libraries\GLM</Filter>
    </ClCompile>
    <ClCompile Include="GLM\glm\modules\GLM-detail_type_vec4.ixx">
      <Filter>Matts Custom Libraries\GLM</Filter>
    </ClCompile>
    <ClCompile Include="GLM\glm\modules\GLM-exponential.ixx">
      <Filter>Matts Custom Libraries\GLM</Filter>
    </ClCompile>
    <ClCompile Include="GLM\glm\modules\GLM-ext.ixx">
      <Filter>Matts Custom Libraries\GLM</Filter>
    </ClCompile>
    <ClCompile Include="GLM\glm\modules\GLM-ext_matrix_clip_space.ixx">
      <Filter>Matts Custom Libraries\GLM</Filter>
    </ClCompile>
    <ClCompile Include="GLM\glm\modules\GLM-ext_matrix_common.ixx">
      <Filter>Matts Custom Libraries\GLM</Filter>
    </ClCompile>
    <ClCompile Include="GLM\glm\modules\GLM-ext_matrix_double2x2.ixx">
      <Filter>Matts Custom Libraries\GLM</Filter>
    </ClCompile>
    <ClCompile Include="GLM\glm\modules\GLM-ext_matrix_double2x2_precision.ixx">
      <Filter>Matts Custom Libraries\GLM</Filter>
    </ClCompile>
    <ClCompile Include="GLM\glm\modules\GLM-ext_matrix_double2x3.ixx">
      <Filter>Matts Custom Libraries\GLM</Filter>
    </ClCompile>
    <ClCompile Include="GLM\glm\modules\GLM-ext_matrix_double2x3_precision.ixx">
      <Filter>Matts Custom Libraries\GLM</Filter>
    </ClCompile>
    <ClCompile Include="GLM\glm\modules\GLM-ext_matrix_double2x4.ixx">
      <Filter>Matts Custom Libraries\GLM</Filter>
    </ClCompile>
    <ClCompile Include="GLM\glm\modules\GLM-ext_matrix_double2x4_precision.ixx">
      <Filter>Matts Custom Libraries\GLM</Filter>
    </ClCompile>
    <ClCompile Include="GLM\glm\modules\GLM-ext_matrix_double3x2.ixx">
      <Filter>Matts Custom Libraries\GLM</Filter>
    </ClCompile>
    <ClCompile Include="GLM\glm\modules\GLM-ext_matrix_double3x2_precision.ixx">
      <Filter>Matts Custom Libraries\GLM</Filter>
    </ClCompile>
    <ClCompile Include="GLM\glm\modules\GLM-ext_matrix_double3x3.ixx">
      <Filter>Matts Custom Libraries\GLM</Filter>
    </ClCompile>
    <ClCompile Include="GLM\glm\modules\GLM-ext_matrix_double3x3_precision.ixx">
      <Filter>Matts Custom Libraries\GLM</Filter>
    </ClCompile>
    <ClCompile Include="GLM\glm\modules\GLM-ext_matrix_double3x4.ixx">
      <Filter>Matts Custom Libraries\GLM</Filter>
    </ClCompile>
    <ClCompile Include="GLM\glm\modules\GLM-ext_matrix_double3x4_precision.ixx">
      <Filter>Matts Custom Libraries\GLM</Filter>
    </ClCompile>
    <ClCompile Include="GLM\glm\modules\GLM-ext_matrix_double4x2.ixx">
      <Filter>Matts Custom Libraries\GLM</Filter>
    </ClCompile>
    <ClCompile Include="GLM\glm\modules\GLM-ext_matrix_double4x2_precision.ixx">
      <Filter>Matts Custom Libraries\GLM</Filter>
    </ClCompile>
    <ClCompile Include="GLM\glm\modules\GLM-ext_matrix_double4x3.ixx">
      <Filter>Matts Custom Libraries\GLM</Filter>
    </ClCompile>
    <ClCompile Include="GLM\glm\modules\GLM-ext_matrix_double4x3_precision.ixx">
      <Filter>Matts Custom Libraries\GLM</Filter>
    </ClCompile>
    <ClCompile Include="GLM\glm\modules\GLM-ext_matrix_double4x4.ixx">
      <Filter>Matts Custom Libraries\GLM</Filter>
    </ClCompile>
    <ClCompile Include="GLM\glm\modules\GLM-ext_matrix_double4x4_precision.ixx">
      <Filter>Matts Custom Libraries\GLM</Filter>
    </ClCompile>
    <ClCompile Include="GLM\glm\modules\GLM-ext_matrix_float2x2.ixx">
      <Filter>Matts Custom Libraries\GLM</Filter>
    </ClCompile>
    <ClCompile Include="GLM\glm\modules\GLM-ext_matrix_float2x2_precision.ixx">
      <Filter>Matts Custom Libraries\GLM</Filter>
    </ClCompile>
    <ClCompile Include="GLM\glm\modules\GLM-ext_matrix_float2x3.ixx">
      <Filter>Matts Custom Libraries\GLM</Filter>
    </ClCompile>
    <ClCompile Include="GLM\glm\modules\GLM-ext_matrix_float2x3_precision.ixx">
      <Filter>Matts Custom Libraries\GLM</Filter>
    </ClCompile>
    <ClCompile Include="GLM\glm\modules\GLM-ext_matrix_float2x4.ixx">
      <Filter>Matts Custom Libraries\GLM</Filter>
    </ClCompile>
    <ClCompile Include="GLM\glm\modules\GLM-ext_matrix_float2x4_precision.ixx">
      <Filter>Matts Custom Libraries\GLM</Filter>
    </ClCompile>
    <ClCompile Include="GLM\glm\modules\GLM-ext_matrix_float3x2.ixx">
      <Filter>Matts Custom Libraries\GLM</Filter>
    </ClCompile>
    <ClCompile Include="GLM\glm\modules\GLM-ext_matrix_float3x2_precision.ixx">
      <Filter>Matts Custom Libraries\GLM</Filter>
    </ClCompile>
    <ClCompile Include="GLM\glm\modules\GLM-ext_matrix_float3x3.ixx">
      <Filter>Matts Custom Libraries\GLM</Filter>
    </ClCompile>
    <ClCompile Include="GLM\glm\modules\GLM-ext_matrix_float3x3_precision.ixx">
      <Filter>Matts Custom Libraries\GLM</Filter>
    </ClCompile>
    <ClCompile Include="GLM\glm\modules\GLM-ext_matrix_float3x4.ixx">
      <Filter>Matts Custom Libraries\GLM</Filter>
    </ClCompile>
    <ClCompile Include="GLM\glm\modules\GLM-ext_matrix_float3x4_precision.ixx">
      <Filter>Matts Custom Libraries\GLM</Filter>
    </ClCompile>
    <ClCompile Include="GLM\glm\modules\GLM-ext_matrix_float4x2.ixx">
      <Filter>Matts Custom Libraries\GLM</Filter>
    </ClCompile>
    <ClCompile Include="GLM\glm\modules\GLM-ext_matrix_float4x2_precision.ixx">
      <Filter>Matts Custom Libraries\GLM</Filter>
    </ClCompile>
    <ClCompile Include="GLM\glm\modules\GLM-ext_matrix_float4x3.ixx">
      <Filter>Matts Custom Libraries\GLM</Filter>
    </ClCompile>
    <ClCompile Include="GLM\glm\modules\GLM-ext_matrix_float4x3_precision.ixx">
      <Filter>Matts Custom Libraries\GLM</Filter>
    </ClCompile>
    <ClCompile Include="GLM\glm\modules\GLM-ext_matrix_float4x4.ixx">
      <Filter>Matts Custom Libraries\GLM</Filter>
    </ClCompile>
    <ClCompile Include="GLM\glm\modules\GLM-ext_matrix_float4x4_precision.ixx">
      <Filter>Matts Custom Libraries\GLM</Filter>
    </ClCompile>
    <ClCompile Include="GLM\glm\modules\GLM-ext_matrix_projection.ixx">
      <Filter>Matts Custom Libraries\GLM</Filter>
    </ClCompile>
    <ClCompile Include="GLM\glm\modules\GLM-ext_matrix_relational.ixx">
      <Filter>Matts Custom Libraries\GLM</Filter>
    </ClCompile>
    <ClCompile Include="GLM\glm\modules\GLM-ext_matrix_transform.ixx">
      <Filter>Matts Custom Libraries\GLM</Filter>
    </ClCompile>
    <ClCompile Include="GLM\glm\modules\GLM-ext_quaternion_common.ixx">
      <Filter>Matts Custom Libraries\GLM</Filter>
    </ClCompile>
    <ClCompile Include="GLM\glm\modules\GLM-ext_quaternion_double.ixx">
      <Filter>Matts Custom Libraries\GLM</Filter>
    </ClCompile>
    <ClCompile Include="GLM\glm\modules\GLM-ext_quaternion_double_precision.ixx">
      <Filter>Matts Custom Libraries\GLM</Filter>
    </ClCompile>
    <ClCompile Include="GLM\glm\modules\GLM-ext_quaternion_exponential.ixx">
      <Filter>Matts Custom Libraries\GLM</Filter>
    </ClCompile>
    <ClCompile Include="GLM\glm\modules\GLM-ext_quaternion_float.ixx">
      <Filter>Matts Custom Libraries\GLM</Filter>
    </ClCompile>
    <ClCompile Include="GLM\glm\modules\GLM-ext_quaternion_float_precision.ixx">
      <Filter>Matts Custom Libraries\GLM</Filter>
    </ClCompile>
    <ClCompile Include="GLM\glm\modules\GLM-ext_quaternion_geometric.ixx">
      <Filter>Matts Custom Libraries\GLM</Filter>
    </ClCompile>
    <ClCompile Include="GLM\glm\modules\GLM-ext_quaternion_relational.ixx">
      <Filter>Matts Custom Libraries\GLM</Filter>
    </ClCompile>
    <ClCompile Include="GLM\glm\modules\GLM-ext_quaternion_transform.ixx">
      <Filter>Matts Custom Libraries\GLM</Filter>
    </ClCompile>
    <ClCompile Include="GLM\glm\modules\GLM-ext_quaternion_trigonometric.ixx">
      <Filter>Matts Custom Libraries\GLM</Filter>
    </ClCompile>
    <ClCompile Include="GLM\glm\modules\GLM-ext_scalar_common.ixx">
      <Filter>Matts Custom Libraries\GLM</Filter>
    </ClCompile>
    <ClCompile Include="GLM\glm\modules\GLM-ext_scalar_constants.ixx">
      <Filter>Matts Custom Libraries\GLM</Filter>
    </ClCompile>
    <ClCompile Include="GLM\glm\modules\GLM-ext_scalar_int_sized.ixx">
      <Filter>Matts Custom Libraries\GLM</Filter>
    </ClCompile>
    <ClCompile Include="GLM\glm\modules\GLM-ext_scalar_relational.ixx">
      <Filter>Matts Custom Libraries\GLM</Filter>
    </ClCompile>
    <ClCompile Include="GLM\glm\modules\GLM-ext_scalar_uint_sized.ixx">
      <Filter>Matts Custom Libraries\GLM</Filter>
    </ClCompile>
    <ClCompile Include="GLM\glm\modules\GLM-ext_scalar_ulp.ixx">
      <Filter>Matts Custom Libraries\GLM</Filter>
    </ClCompile>
    <ClCompile Include="GLM\glm\modules\GLM-ext_vector_bool1.ixx">
      <Filter>Matts Custom Libraries\GLM</Filter>
    </ClCompile>
    <ClCompile Include="GLM\glm\modules\GLM-ext_vector_bool1_precision.ixx">
      <Filter>Matts Custom Libraries\GLM</Filter>
    </ClCompile>
    <ClCompile Include="GLM\glm\modules\GLM-ext_vector_bool2.ixx">
      <Filter>Matts Custom Libraries\GLM</Filter>
    </ClCompile>
    <ClCompile Include="GLM\glm\modules\GLM-ext_vector_bool2_precision.ixx">
      <Filter>Matts Custom Libraries\GLM</Filter>
    </ClCompile>
    <ClCompile Include="GLM\glm\modules\GLM-ext_vector_bool3.ixx">
      <Filter>Matts Custom Libraries\GLM</Filter>
    </ClCompile>
    <ClCompile Include="GLM\glm\modules\GLM-ext_vector_bool3_precision.ixx">
      <Filter>Matts Custom Libraries\GLM</Filter>
    </ClCompile>
    <ClCompile Include="GLM\glm\modules\GLM-ext_vector_bool4.ixx">
      <Filter>Matts Custom Libraries\GLM</Filter>
    </ClCompile>
    <ClCompile Include="GLM\glm\modules\GLM-ext_vector_bool4_precision.ixx">
      <Filter>Matts Custom Libraries\GLM</Filter>
    </ClCompile>
    <ClCompile Include="GLM\glm\modules\GLM-ext_vector_common.ixx">
      <Filter>Matts Custom Libraries\GLM</Filter>
    </ClCompile>
    <ClCompile Include="GLM\glm\modules\GLM-ext_vector_double1.ixx">
      <Filter>Matts Custom Libraries\GLM</Filter>
    </ClCompile>
    <ClCompile Include="GLM\glm\modules\GLM-ext_vector_double1_precision.ixx">
      <Filter>Matts Custom Libraries\GLM</Filter>
    </ClCompile>
    <ClCompile Include="GLM\glm\modules\GLM-ext_vector_double2.ixx">
      <Filter>Matts Custom Libraries\GLM</Filter>
    </ClCompile>
    <ClCompile Include="GLM\glm\modules\GLM-ext_vector_double2_precision.ixx">
      <Filter>Matts Custom Libraries\GLM</Filter>
    </ClCompile>
    <ClCompile Include="GLM\glm\modules\GLM-ext_vector_double3.ixx">
      <Filter>Matts Custom Libraries\GLM</Filter>
    </ClCompile>
    <ClCompile Include="GLM\glm\modules\GLM-ext_vector_double3_precision.ixx">
      <Filter>Matts Custom Libraries\GLM</Filter>
    </ClCompile>
    <ClCompile Include="GLM\glm\modules\GLM-ext_vector_double4.ixx">
      <Filter>Matts Custom Libraries\GLM</Filter>
    </ClCompile>
    <ClCompile Include="GLM\glm\modules\GLM-ext_vector_double4_precision.ixx">
      <Filter>Matts Custom Libraries\GLM</Filter>
    </ClCompile>
    <ClCompile Include="GLM\glm\modules\GLM-ext_vector_float1.ixx">
      <Filter>Matts Custom Libraries\GLM</Filter>
    </ClCompile>
    <ClCompile Include="GLM\glm\modules\GLM-ext_vector_float1_precision.ixx">
      <Filter>Matts Custom Libraries\GLM</Filter>
    </ClCompile>
    <ClCompile Include="GLM\glm\modules\GLM-ext_vector_float2.ixx">
      <Filter>Matts Custom Libraries\GLM</Filter>
    </ClCompile>
    <ClCompile Include="GLM\glm\modules\GLM-ext_vector_float2_precision.ixx">
      <Filter>Matts Custom Libraries\GLM</Filter>
    </ClCompile>
    <ClCompile Include="GLM\glm\modules\GLM-ext_vector_float3.ixx">
      <Filter>Matts Custom Libraries\GLM</Filter>
    </ClCompile>
    <ClCompile Include="GLM\glm\modules\GLM-ext_vector_float3_precision.ixx">
      <Filter>Matts Custom Libraries\GLM</Filter>
    </ClCompile>
    <ClCompile Include="GLM\glm\modules\GLM-ext_vector_float4.ixx">
      <Filter>Matts Custom Libraries\GLM</Filter>
    </ClCompile>
    <ClCompile Include="GLM\glm\modules\GLM-ext_vector_float4_precision.ixx">
      <Filter>Matts Custom Libraries\GLM</Filter>
    </ClCompile>
    <ClCompile Include="GLM\glm\modules\GLM-ext_vector_int1.ixx">
      <Filter>Matts Custom Libraries\GLM</Filter>
    </ClCompile>
    <ClCompile Include="GLM\glm\modules\GLM-ext_vector_int1_precision.ixx">
      <Filter>Matts Custom Libraries\GLM</Filter>
    </ClCompile>
    <ClCompile Include="GLM\glm\modules\GLM-ext_vector_int2.ixx">
      <Filter>Matts Custom Libraries\GLM</Filter>
    </ClCompile>
    <ClCompile Include="GLM\glm\modules\GLM-ext_vector_int2_precision.ixx">
      <Filter>Matts Custom Libraries\GLM</Filter>
    </ClCompile>
    <ClCompile Include="GLM\glm\modules\GLM-ext_vector_int3.ixx">
      <Filter>Matts Custom Libraries\GLM</Filter>
    </ClCompile>
    <ClCompile Include="GLM\glm\modules\GLM-ext_vector_int3_precision.ixx">
      <Filter>Matts Custom Libraries\GLM</Filter>
    </ClCompile>
    <ClCompile Include="GLM\glm\modules\GLM-ext_vector_int4.ixx">
      <Filter>Matts Custom Libraries\GLM</Filter>
    </ClCompile>
    <ClCompile Include="GLM\glm\modules\GLM-ext_vector_int4_precision.ixx">
      <Filter>Matts Custom Libraries\GLM</Filter>
    </ClCompile>
    <ClCompile Include="GLM\glm\modules\GLM-ext_vector_relational.ixx">
      <Filter>Matts Custom Libraries\GLM</Filter>
    </ClCompile>
    <ClCompile Include="GLM\glm\modules\GLM-ext_vector_uint1.ixx">
      <Filter>Matts Custom Libraries\GLM</Filter>
    </ClCompile>
    <ClCompile Include="GLM\glm\modules\GLM-ext_vector_uint1_precision.ixx">
      <Filter>Matts Custom Libraries\GLM</Filter>
    </ClCompile>
    <ClCompile Include="GLM\glm\modules\GLM-ext_vector_uint2.ixx">
      <Filter>Matts Custom Libraries\GLM</Filter>
    </ClCompile>
    <ClCompile Include="GLM\glm\modules\GLM-ext_vector_uint2_precision.ixx">
      <Filter>Matts Custom Libraries\GLM</Filter>
    </ClCompile>
    <ClCompile Include="GLM\glm\modules\GLM-ext_vector_uint3.ixx">
      <Filter>Matts Custom Libraries\GLM</Filter>
    </ClCompile>
    <ClCompile Include="GLM\glm\modules\GLM-ext_vector_uint3_precision.ixx">
      <Filter>Matts Custom Libraries\GLM</Filter>
    </ClCompile>
    <ClCompile Include="GLM\glm\modules\GLM-ext_vector_uint4.ixx">
      <Filter>Matts Custom Libraries\GLM</Filter>
    </ClCompile>
    <ClCompile Include="GLM\glm\modules\GLM-ext_vector_uint4_precision.ixx">
      <Filter>Matts Custom Libraries\GLM</Filter>
    </ClCompile>
    <ClCompile Include="GLM\glm\modules\GLM-ext_vector_ulp.ixx">
      <Filter>Matts Custom Libraries\GLM</Filter>
    </ClCompile>
    <ClCompile Include="GLM\glm\modules\GLM-fwd.ixx">
      <Filter>Matts Custom Libraries\GLM</Filter>
    </ClCompile>
    <ClCompile Include="GLM\glm\modules\GLM-geometric.ixx">
      <Filter>Matts Custom Libraries\GLM</Filter>
    </ClCompile>
    <ClCompile Include="GLM\glm\modules\GLM-glm.ixx">
      <Filter>Matts Custom Libraries\GLM</Filter>
    </ClCompile>
    <ClCompile Include="GLM\glm\modules\GLM-gtc_bitfield.ixx">
      <Filter>Matts Custom Libraries\GLM</Filter>
    </ClCompile>
    <ClCompile Include="GLM\glm\modules\GLM-gtc_color_space.ixx">
      <Filter>Matts Custom Libraries\GLM</Filter>
    </ClCompile>
    <ClCompile Include="GLM\glm\modules\GLM-gtc_constants.ixx">
      <Filter>Matts Custom Libraries\GLM</Filter>
    </ClCompile>
    <ClCompile Include="GLM\glm\modules\GLM-gtc_epsilon.ixx">
      <Filter>Matts Custom Libraries\GLM</Filter>
    </ClCompile>
    <ClCompile Include="GLM\glm\modules\GLM-gtc_integer.ixx">
      <Filter>Matts Custom Libraries\GLM</Filter>
    </ClCompile>
    <ClCompile Include="GLM\glm\modules\GLM-gtc_matrix_access.ixx">
      <Filter>Matts Custom Libraries\GLM</Filter>
    </ClCompile>
    <ClCompile Include="GLM\glm\modules\GLM-gtc_matrix_integer.ixx">
      <Filter>Matts Custom Libraries\GLM</Filter>
    </ClCompile>
    <ClCompile Include="GLM\glm\modules\GLM-gtc_matrix_inverse.ixx">
      <Filter>Matts Custom Libraries\GLM</Filter>
    </ClCompile>
    <ClCompile Include="GLM\glm\modules\GLM-gtc_matrix_transform.ixx">
      <Filter>Matts Custom Libraries\GLM</Filter>
    </ClCompile>
    <ClCompile Include="GLM\glm\modules\GLM-gtc_noise.ixx">
      <Filter>Matts Custom Libraries\GLM</Filter>
    </ClCompile>
    <ClCompile Include="GLM\glm\modules\GLM-gtc_packing.ixx">
      <Filter>Matts Custom Libraries\GLM</Filter>
    </ClCompile>
    <ClCompile Include="GLM\glm\modules\GLM-gtc_quaternion.ixx">
      <Filter>Matts Custom Libraries\GLM</Filter>
    </ClCompile>
    <ClCompile Include="GLM\glm\modules\GLM-gtc_random.ixx">
      <Filter>Matts Custom Libraries\GLM</Filter>
    </ClCompile>
    <ClCompile Include="GLM\glm\modules\GLM-gtc_reciprocal.ixx">
      <Filter>Matts Custom Libraries\GLM</Filter>
    </ClCompile>
    <ClCompile Include="GLM\glm\modules\GLM-gtc_round.ixx">
      <Filter>Matts Custom Libraries\GLM</Filter>
    </ClCompile>
    <ClCompile Include="GLM\glm\modules\GLM-gtc_type_aligned.ixx">
      <Filter>Matts Custom Libraries\GLM</Filter>
    </ClCompile>
    <ClCompile Include="GLM\glm\modules\GLM-gtc_type_precision.ixx">
      <Filter>Matts Custom Libraries\GLM</Filter>
    </ClCompile>
    <ClCompile Include="GLM\glm\modules\GLM-gtc_type_ptr.ixx">
      <Filter>Matts Custom Libraries\GLM</Filter>
    </ClCompile>
    <ClCompile Include="GLM\glm\modules\GLM-gtc_ulp.ixx">
      <Filter>Matts Custom Libraries\GLM</Filter>
    </ClCompile>
    <ClCompile Include="GLM\glm\modules\GLM-gtc_vec1.ixx">
      <Filter>Matts Custom Libraries\GLM</Filter>
    </ClCompile>
    <ClCompile Include="GLM\glm\modules\GLM-gtx_associated_min_max.ixx">
      <Filter>Matts Custom Libraries\GLM</Filter>
    </ClCompile>
    <ClCompile Include="GLM\glm\modules\GLM-gtx_bit.ixx">
      <Filter>Matts Custom Libraries\GLM</Filter>
    </ClCompile>
    <ClCompile Include="GLM\glm\modules\GLM-gtx_closest_point.ixx">
      <Filter>Matts Custom Libraries\GLM</Filter>
    </ClCompile>
    <ClCompile Include="GLM\glm\modules\GLM-gtx_color_encoding.ixx">
      <Filter>Matts Custom Libraries\GLM</Filter>
    </ClCompile>
    <ClCompile Include="GLM\glm\modules\GLM-gtx_color_space.ixx">
      <Filter>Matts Custom Libraries\GLM</Filter>
    </ClCompile>
    <ClCompile Include="GLM\glm\modules\GLM-gtx_color_space_YCoCg.ixx">
      <Filter>Matts Custom Libraries\GLM</Filter>
    </ClCompile>
    <ClCompile Include="GLM\glm\modules\GLM-gtx_common.ixx">
      <Filter>Matts Custom Libraries\GLM</Filter>
    </ClCompile>
    <ClCompile Include="GLM\glm\modules\GLM-gtx_compatibility.ixx">
      <Filter>Matts Custom Libraries\GLM</Filter>
    </ClCompile>
    <ClCompile Include="GLM\glm\modules\GLM-gtx_component_wise.ixx">
      <Filter>Matts Custom Libraries\GLM</Filter>
    </ClCompile>
    <ClCompile Include="GLM\glm\modules\GLM-gtx_dual_quaternion.ixx">
      <Filter>Matts Custom Libraries\GLM</Filter>
    </ClCompile>
    <ClCompile Include="GLM\glm\modules\GLM-gtx_easing.ixx">
      <Filter>Matts Custom Libraries\GLM</Filter>
    </ClCompile>
    <ClCompile Include="GLM\glm\modules\GLM-gtx_euler_angles.ixx">
      <Filter>Matts Custom Libraries\GLM</Filter>
    </ClCompile>
    <ClCompile Include="GLM\glm\modules\GLM-gtx_extend.ixx">
      <Filter>Matts Custom Libraries\GLM</Filter>
    </ClCompile>
    <ClCompile Include="GLM\glm\modules\GLM-gtx_extended_min_max.ixx">
      <Filter>Matts Custom Libraries\GLM</Filter>
    </ClCompile>
    <ClCompile Include="GLM\glm\modules\GLM-gtx_exterior_product.ixx">
      <Filter>Matts Custom Libraries\GLM</Filter>
    </ClCompile>
    <ClCompile Include="GLM\glm\modules\GLM-gtx_fast_exponential.ixx">
      <Filter>Matts Custom Libraries\GLM</Filter>
    </ClCompile>
    <ClCompile Include="GLM\glm\modules\GLM-gtx_fast_square_root.ixx">
      <Filter>Matts Custom Libraries\GLM</Filter>
    </ClCompile>
    <ClCompile Include="GLM\glm\modules\GLM-gtx_fast_trigonometry.ixx">
      <Filter>Matts Custom Libraries\GLM</Filter>
    </ClCompile>
    <ClCompile Include="GLM\glm\modules\GLM-gtx_functions.ixx">
      <Filter>Matts Custom Libraries\GLM</Filter>
    </ClCompile>
    <ClCompile Include="GLM\glm\modules\GLM-gtx_gradient_paint.ixx">
      <Filter>Matts Custom Libraries\GLM</Filter>
    </ClCompile>
    <ClCompile Include="GLM\glm\modules\GLM-gtx_handed_coordinate_space.ixx">
      <Filter>Matts Custom Libraries\GLM</Filter>
    </ClCompile>
    <ClCompile Include="GLM\glm\modules\GLM-gtx_hash.ixx">
      <Filter>Matts Custom Libraries\GLM</Filter>
    </ClCompile>
    <ClCompile Include="GLM\glm\modules\GLM-gtx_integer.ixx">
      <Filter>Matts Custom Libraries\GLM</Filter>
    </ClCompile>
    <ClCompile Include="GLM\glm\modules\GLM-gtx_intersect.ixx">
      <Filter>Matts Custom Libraries\GLM</Filter>
    </ClCompile>
    <ClCompile Include="GLM\glm\modules\GLM-gtx_io.ixx">
      <Filter>Matts Custom Libraries\GLM</Filter>
    </ClCompile>
    <ClCompile Include="GLM\glm\modules\GLM-gtx_log_base.ixx">
      <Filter>Matts Custom Libraries\GLM</Filter>
    </ClCompile>
    <ClCompile Include="GLM\glm\modules\GLM-gtx_matrix_cross_product.ixx">
      <Filter>Matts Custom Libraries\GLM</Filter>
    </ClCompile>
    <ClCompile Include="GLM\glm\modules\GLM-gtx_matrix_decompose.ixx">
      <Filter>Matts Custom Libraries\GLM</Filter>
    </ClCompile>
    <ClCompile Include="GLM\glm\modules\GLM-gtx_matrix_factorisation.ixx">
      <Filter>Matts Custom Libraries\GLM</Filter>
    </ClCompile>
    <ClCompile Include="GLM\glm\modules\GLM-gtx_matrix_interpolation.ixx">
      <Filter>Matts Custom Libraries\GLM</Filter>
    </ClCompile>
    <ClCompile Include="GLM\glm\modules\GLM-gtx_matrix_major_storage.ixx">
      <Filter>Matts Custom Libraries\GLM</Filter>
    </ClCompile>
    <ClCompile Include="GLM\glm\modules\GLM-gtx_matrix_operation.ixx">
      <Filter>Matts Custom Libraries\GLM</Filter>
    </ClCompile>
    <ClCompile Include="GLM\glm\modules\GLM-gtx_matrix_query.ixx">
      <Filter>Matts Custom Libraries\GLM</Filter>
    </ClCompile>
    <ClCompile Include="GLM\glm\modules\GLM-gtx_matrix_transform_2d.ixx">
      <Filter>Matts Custom Libraries\GLM</Filter>
    </ClCompile>
    <ClCompile Include="GLM\glm\modules\GLM-gtx_mixed_product.ixx">
      <Filter>Matts Custom Libraries\GLM</Filter>
    </ClCompile>
    <ClCompile Include="GLM\glm\modules\GLM-gtx_norm.ixx">
      <Filter>Matts Custom Libraries\GLM</Filter>
    </ClCompile>
    <ClCompile Include="GLM\glm\modules\GLM-gtx_normal.ixx">
      <Filter>Matts Custom Libraries\GLM</Filter>
    </ClCompile>
    <ClCompile Include="GLM\glm\modules\GLM-gtx_normalize_dot.ixx">
      <Filter>Matts Custom Libraries\GLM</Filter>
    </ClCompile>
    <ClCompile Include="GLM\glm\modules\GLM-gtx_number_precision.ixx">
      <Filter>Matts Custom Libraries\GLM</Filter>
    </ClCompile>
    <ClCompile Include="GLM\glm\modules\GLM-gtx_optimum_pow.ixx">
      <Filter>Matts Custom Libraries\GLM</Filter>
    </ClCompile>
    <ClCompile Include="GLM\glm\modules\GLM-gtx_orthonormalize.ixx">
      <Filter>Matts Custom Libraries\GLM</Filter>
    </ClCompile>
    <ClCompile Include="GLM\glm\modules\GLM-gtx_perpendicular.ixx">
      <Filter>Matts Custom Libraries\GLM</Filter>
    </ClCompile>
    <ClCompile Include="GLM\glm\modules\GLM-gtx_polar_coordinates.ixx">
      <Filter>Matts Custom Libraries\GLM</Filter>
    </ClCompile>
    <ClCompile Include="GLM\glm\modules\GLM-gtx_projection.ixx">
      <Filter>Matts Custom Libraries\GLM</Filter>
    </ClCompile>
    <ClCompile Include="GLM\glm\modules\GLM-gtx_quaternion.ixx">
      <Filter>Matts Custom Libraries\GLM</Filter>
    </ClCompile>
    <ClCompile Include="GLM\glm\modules\GLM-gtx_range.ixx">
      <Filter>Matts Custom Libraries\GLM</Filter>
    </ClCompile>
    <ClCompile Include="GLM\glm\modules\GLM-gtx_raw_data.ixx">
      <Filter>Matts Custom Libraries\GLM</Filter>
    </ClCompile>
    <ClCompile Include="GLM\glm\modules\GLM-gtx_rotate_normalized_axis.ixx">
      <Filter>Matts Custom Libraries\GLM</Filter>
    </ClCompile>
    <ClCompile Include="GLM\glm\modules\GLM-gtx_rotate_vector.ixx">
      <Filter>Matts Custom Libraries\GLM</Filter>
    </ClCompile>
    <ClCompile Include="GLM\glm\modules\GLM-gtx_scalar_multiplication.ixx">
      <Filter>Matts Custom Libraries\GLM</Filter>
    </ClCompile>
    <ClCompile Include="GLM\glm\modules\GLM-gtx_scalar_relational.ixx">
      <Filter>Matts Custom Libraries\GLM</Filter>
    </ClCompile>
    <ClCompile Include="GLM\glm\modules\GLM-gtx_spline.ixx">
      <Filter>Matts Custom Libraries\GLM</Filter>
    </ClCompile>
    <ClCompile Include="GLM\glm\modules\GLM-gtx_std_based_type.ixx">
      <Filter>Matts Custom Libraries\GLM</Filter>
    </ClCompile>
    <ClCompile Include="GLM\glm\modules\GLM-gtx_string_cast.ixx">
      <Filter>Matts Custom Libraries\GLM</Filter>
    </ClCompile>
    <ClCompile Include="GLM\glm\modules\GLM-gtx_texture.ixx">
      <Filter>Matts Custom Libraries\GLM</Filter>
    </ClCompile>
    <ClCompile Include="GLM\glm\modules\GLM-gtx_transform.ixx">
      <Filter>Matts Custom Libraries\GLM</Filter>
    </ClCompile>
    <ClCompile Include="GLM\glm\modules\GLM-gtx_transform2.ixx">
      <Filter>Matts Custom Libraries\GLM</Filter>
    </ClCompile>
    <ClCompile Include="GLM\glm\modules\GLM-gtx_type_aligned.ixx">
      <Filter>Matts Custom Libraries\GLM</Filter>
    </ClCompile>
    <ClCompile Include="GLM\glm\modules\GLM-gtx_type_trait.ixx">
      <Filter>Matts Custom Libraries\GLM</Filter>
    </ClCompile>
    <ClCompile Include="GLM\glm\modules\GLM-gtx_vec_swizzle.ixx">
      <Filter>Matts Custom Libraries\GLM</Filter>
    </ClCompile>
    <ClCompile Include="GLM\glm\modules\GLM-gtx_vector_angle.ixx">
      <Filter>Matts Custom Libraries\GLM</Filter>
    </ClCompile>
    <ClCompile Include="GLM\glm\modules\GLM-gtx_vector_query.ixx">
      <Filter>Matts Custom Libraries\GLM</Filter>
    </ClCompile>
    <ClCompile Include="GLM\glm\modules\GLM-gtx_wrap.ixx">
      <Filter>Matts Custom Libraries\GLM</Filter>
    </ClCompile>
    <ClCompile Include="GLM\glm\modules\GLM-integer.ixx">
      <Filter>Matts Custom Libraries\GLM</Filter>
    </ClCompile>
    <ClCompile Include="GLM\glm\modules\GLM-mat2x2.ixx">
      <Filter>Matts Custom Libraries\GLM</Filter>
    </ClCompile>
    <ClCompile Include="GLM\glm\modules\GLM-mat2x3.ixx">
      <Filter>Matts Custom Libraries\GLM</Filter>
    </ClCompile>
    <ClCompile Include="GLM\glm\modules\GLM-mat2x4.ixx">
      <Filter>Matts Custom Libraries\GLM</Filter>
    </ClCompile>
    <ClCompile Include="GLM\glm\modules\GLM-mat3x2.ixx">
      <Filter>Matts Custom Libraries\GLM</Filter>
    </ClCompile>
    <ClCompile Include="GLM\glm\modules\GLM-mat3x3.ixx">
      <Filter>Matts Custom Libraries\GLM</Filter>
    </ClCompile>
    <ClCompile Include="GLM\glm\modules\GLM-mat3x4.ixx">
      <Filter>Matts Custom Libraries\GLM</Filter>
    </ClCompile>
    <ClCompile Include="GLM\glm\modules\GLM-mat4x2.ixx">
      <Filter>Matts Custom Libraries\GLM</Filter>
    </ClCompile>
    <ClCompile Include="GLM\glm\modules\GLM-mat4x3.ixx">
      <Filter>Matts Custom Libraries\GLM</Filter>
    </ClCompile>
    <ClCompile Include="GLM\glm\modules\GLM-mat4x4.ixx">
      <Filter>Matts Custom Libraries\GLM</Filter>
    </ClCompile>
    <ClCompile Include="GLM\glm\modules\GLM-matrix.ixx">
      <Filter>Matts Custom Libraries\GLM</Filter>
    </ClCompile>
    <ClCompile Include="GLM\glm\modules\GLM-packing.ixx">
      <Filter>Matts Custom Libraries\GLM</Filter>
    </ClCompile>
    <ClCompile Include="GLM\glm\modules\GLM-trigonometric.ixx">
      <Filter>Matts Custom Libraries\GLM</Filter>
    </ClCompile>
    <ClCompile Include="GLM\glm\modules\GLM-vec2.ixx">
      <Filter>Matts Custom Libraries\GLM</Filter>
    </ClCompile>
    <ClCompile Include="GLM\glm\modules\GLM-vec3.ixx">
      <Filter>Matts Custom Libraries\GLM</Filter>
    </ClCompile>
    <ClCompile Include="GLM\glm\modules\GLM-vec4.ixx">
      <Filter>Matts Custom Libraries\GLM</Filter>
    </ClCompile>
    <ClCompile Include="GLM\glm\modules\GLM-vector_relational.ixx">
      <Filter>Matts Custom Libraries\GLM</Filter>
    </ClCompile>
    <ClCompile Include="GLM\glm\modules\GLM-common.ixx">
      <Filter>Matts Custom Libraries\GLM</Filter>
    </ClCompile>
    <ClCompile Include="GLM\glm\modules\GLM.ixx">
      <Filter>Matts Custom Libraries\GLM</Filter>
    </ClCompile>
    <ClCompile Include="KeyboardInput.ixx">
      <Filter>Matts Custom Libraries\KeyboardInput</Filter>
    </ClCompile>
    <ClCompile Include="KeyboardInput-Base.ixx">
      <Filter>Matts Custom Libraries\KeyboardInput</Filter>
    </ClCompile>
    <ClCompile Include="KeyboardInput-WindowsImpl.ixx">
      <Filter>Matts Custom Libraries\KeyboardInput</Filter>
    </ClCompile>
    <ClCompile Include="WindowContext-WindowsImpl.ixx">
      <Filter>Matts Custom Libraries\WindowContext</Filter>
    </ClCompile>
    <ClCompile Include="WindowContext.ixx">
      <Filter>Matts Custom Libraries\WindowContext</Filter>
    </ClCompile>
    <ClCompile Include="WindowContext-Base.ixx">
      <Filter>Matts Custom Libraries\WindowContext</Filter>
    </ClCompile>
    <ClCompile Include="WindowManager.ixx">
      <Filter>Matts Custom Libraries\WindowContext</Filter>
    </ClCompile>
    <ClCompile Include="DebugLogger.ixx">
      <Filter>Matts Custom Libraries\Debug</Filter>
    </ClCompile>
    <ClCompile Include="VK\vulkan.ixx">
      <Filter>Matts Custom Libraries\Vulkan</Filter>
    </ClCompile>
    <ClCompile Include="Shaders\ShaderSources.ixx">
      <Filter>Matts Custom Libraries\Shaders</Filter>
    </ClCompile>
    <ClCompile Include="Shader.ixx">
      <Filter>Matts Custom Libraries\Shaders</Filter>
    </ClCompile>
    <ClCompile Include="Shader.cpp">
      <Filter>Matts Custom Libraries\Shaders</Filter>
    </ClCompile>
    <ClCompile Include="WindowManager.cpp">
      <Filter>Matts Custom Libraries\WindowContext</Filter>
    </ClCompile>
    <ClCompile Include="DebugVectorOutput.ixx">
      <Filter>Matts Custom Libraries\Debug</Filter>
    </ClCompile>
    <ClCompile Include="StaticSystemPaths.ixx">
      <Filter>Matts Custom Libraries\Debug</Filter>
    </ClCompile>
    <ClCompile Include="GLADWGL-WGL.ixx">
      <Filter>Matts Custom Libraries\GLAD\WGL</Filter>
    </ClCompile>
    <ClCompile Include="WindowContextCamera.ixx">
      <Filter>Matts Custom Libraries\WindowContext</Filter>
    </ClCompile>
    <ClCompile Include="WindowContextCamera.cpp">
      <Filter>Matts Custom Libraries\WindowContext</Filter>
    </ClCompile>
    <ClCompile Include="RenderObjectNodeInput.ixx">
      <Filter>Matts Custom Libraries\Objects\RenderObject\Data\NodeHandling</Filter>
    </ClCompile>
    <ClCompile Include="RenderObjectNodeOutput.ixx">
      <Filter>Matts Custom Libraries\Objects\RenderObject\Data\NodeHandling</Filter>
    </ClCompile>
    <ClCompile Include="RenderObjectNode.ixx">
      <Filter>Matts Custom Libraries\Objects\RenderObject\Data\NodeHandling</Filter>
    </ClCompile>
    <ClCompile Include="RenderObjectNodeLink.ixx">
      <Filter>Matts Custom Libraries\Objects\RenderObject\Data\NodeHandling</Filter>
    </ClCompile>
    <ClCompile Include="RenderObjectNodeTree.ixx">
      <Filter>Matts Custom Libraries\Objects\RenderObject\Data\NodeHandling</Filter>
    </ClCompile>
    <ClCompile Include="RenderObjectBlenderPython.ixx">
      <Filter>Matts Custom Libraries\Objects\RenderObject\Helpers\BlenderImpl</Filter>
    </ClCompile>
    <ClCompile Include="RenderObjectBlenderReader.cpp">
      <Filter>Matts Custom Libraries\Objects\RenderObject\Helpers\BlenderImpl</Filter>
    </ClCompile>
    <ClCompile Include="RenderObjectBlenderReader.ixx">
      <Filter>Matts Custom Libraries\Objects\RenderObject\Helpers\BlenderImpl</Filter>
    </ClCompile>
    <ClCompile Include="RenderObject.cpp">
      <Filter>Matts Custom Libraries\Objects\RenderObject</Filter>
    </ClCompile>
    <ClCompile Include="RenderObject.ixx">
      <Filter>Matts Custom Libraries\Objects\RenderObject</Filter>
    </ClCompile>
    <ClCompile Include="RenderObjectData.ixx">
      <Filter>Matts Custom Libraries\Objects\RenderObject\Data</Filter>
    </ClCompile>
    <ClCompile Include="RenderObjectKeyframe.ixx">
      <Filter>Matts Custom Libraries\Objects\RenderObject\Data</Filter>
    </ClCompile>
    <ClCompile Include="RenderObjectMaterial.ixx">
      <Filter>Matts Custom Libraries\Objects\RenderObject\Data</Filter>
    </ClCompile>
    <ClCompile Include="RenderObjectShapeKey.ixx">
      <Filter>Matts Custom Libraries\Objects\RenderObject\Data</Filter>
    </ClCompile>
    <ClCompile Include="RenderObjectTexture.cpp">
      <Filter>Matts Custom Libraries\Objects\RenderObject\Data</Filter>
    </ClCompile>
    <ClCompile Include="RenderObjectTexture.ixx">
      <Filter>Matts Custom Libraries\Objects\RenderObject\Data</Filter>
    </ClCompile>
    <ClCompile Include="RenderObjectMaterialManager.cpp">
      <Filter>Matts Custom Libraries\Objects\RenderObject\Helpers</Filter>
    </ClCompile>
    <ClCompile Include="RenderObjectMaterialManager.ixx">
      <Filter>Matts Custom Libraries\Objects\RenderObject\Helpers</Filter>
    </ClCompile>
    <ClCompile Include="RenderObjectThreadedLoader.cpp">
      <Filter>Matts Custom Libraries\Objects\RenderObject\Helpers</Filter>
    </ClCompile>
    <ClCompile Include="RenderObjectThreadedLoader.ixx">
      <Filter>Matts Custom Libraries\Objects\RenderObject\Helpers</Filter>
    </ClCompile>
    <ClCompile Include="GLAD\GLAD.cppm">
      <Filter>Matts Custom Libraries\GLAD</Filter>
    </ClCompile>
    <ClCompile Include="GLAD\GLAD.ixx">
      <Filter>Matts Custom Libraries\GLAD</Filter>
    </ClCompile>
    <ClCompile Include="GLAD\GLADBase.ixx">
      <Filter>Matts Custom Libraries\GLAD</Filter>
    </ClCompile>
    <ClCompile Include="GLAD\GLADMacros.ixx">
      <Filter>Matts Custom Libraries\GLAD</Filter>
    </ClCompile>
    <ClCompile Include="GLAD\GLADTypes.ixx">
      <Filter>Matts Custom Libraries\GLAD</Filter>
    </ClCompile>
    <ClCompile Include="GLADWGL-WGL.cpp">
      <Filter>Matts Custom Libraries\GLAD\WGL</Filter>
    </ClCompile>
    <ClCompile Include="GLAD1.ixx">
      <Filter>Matts Custom Libraries\GLAD\V1</Filter>
    </ClCompile>
    <ClCompile Include="GLAD1-V0.cpp">
      <Filter>Matts Custom Libraries\GLAD\V1\1.0</Filter>
    </ClCompile>
    <ClCompile Include="GLAD\GLAD1-V0.ixx">
      <Filter>Matts Custom Libraries\GLAD\V1\1.0</Filter>
    </ClCompile>
    <ClCompile Include="GLAD1-A0.ixx">
      <Filter>Matts Custom Libraries\GLAD\V1\1.0</Filter>
    </ClCompile>
    <ClCompile Include="GLAD1-V1.cpp">
      <Filter>Matts Custom Libraries\GLAD\V1\1.1</Filter>
    </ClCompile>
    <ClCompile Include="GLAD1-A1.ixx">
      <Filter>Matts Custom Libraries\GLAD\V1\1.1</Filter>
    </ClCompile>
    <ClCompile Include="GLAD\GLAD1-V1.ixx">
      <Filter>Matts Custom Libraries\GLAD\V1\1.1</Filter>
    </ClCompile>
    <ClCompile Include="GLAD1-V2.cpp">
      <Filter>Matts Custom Libraries\GLAD\V1\1.2</Filter>
    </ClCompile>
    <ClCompile Include="GLAD1-A2.ixx">
      <Filter>Matts Custom Libraries\GLAD\V1\1.2</Filter>
    </ClCompile>
    <ClCompile Include="GLAD\GLAD1-V2.ixx">
      <Filter>Matts Custom Libraries\GLAD\V1\1.2</Filter>
    </ClCompile>
    <ClCompile Include="GLAD1-V3.cpp">
      <Filter>Matts Custom Libraries\GLAD\V1\1.3</Filter>
    </ClCompile>
    <ClCompile Include="GLAD1-A3.ixx">
      <Filter>Matts Custom Libraries\GLAD\V1\1.3</Filter>
    </ClCompile>
    <ClCompile Include="GLAD\GLAD1-V3.ixx">
      <Filter>Matts Custom Libraries\GLAD\V1\1.3</Filter>
    </ClCompile>
    <ClCompile Include="GLAD1-V4.cpp">
      <Filter>Matts Custom Libraries\GLAD\V1\1.4</Filter>
    </ClCompile>
    <ClCompile Include="GLAD\GLAD1-V4.ixx">
      <Filter>Matts Custom Libraries\GLAD\V1\1.4</Filter>
    </ClCompile>
    <ClCompile Include="GLAD1-A4.ixx">
      <Filter>Matts Custom Libraries\GLAD\V1\1.4</Filter>
    </ClCompile>
    <ClCompile Include="GLAD\GLAD1-V5.ixx">
      <Filter>Matts Custom Libraries\GLAD\V1\1.5</Filter>
    </ClCompile>
    <ClCompile Include="GLAD1-V5.cpp">
      <Filter>Matts Custom Libraries\GLAD\V1\1.5</Filter>
    </ClCompile>
    <ClCompile Include="GLAD1-A5.ixx">
      <Filter>Matts Custom Libraries\GLAD\V1\1.5</Filter>
    </ClCompile>
    <ClCompile Include="GLAD2-V0.cpp">
      <Filter>Matts Custom Libraries\GLAD\V2\2.0</Filter>
    </ClCompile>
    <ClCompile Include="GLAD\GLAD2-V0.ixx">
      <Filter>Matts Custom Libraries\GLAD\V2\2.0</Filter>
    </ClCompile>
    <ClCompile Include="GLAD2-A0.ixx">
      <Filter>Matts Custom Libraries\GLAD\V2\2.0</Filter>
    </ClCompile>
    <ClCompile Include="GLAD2-V1.cpp">
      <Filter>Matts Custom Libraries\GLAD\V2\2.1</Filter>
    </ClCompile>
    <ClCompile Include="GLAD\GLAD2-V1.ixx">
      <Filter>Matts Custom Libraries\GLAD\V2\2.1</Filter>
    </ClCompile>
    <ClCompile Include="GLAD2-A1.ixx">
      <Filter>Matts Custom Libraries\GLAD\V2\2.1</Filter>
    </ClCompile>
    <ClCompile Include="GLAD2.ixx">
      <Filter>Matts Custom Libraries\GLAD\V2</Filter>
    </ClCompile>
    <ClCompile Include="GLAD\GLAD3-V0.ixx">
      <Filter>Matts Custom Libraries\GLAD\V3\3.0</Filter>
    </ClCompile>
    <ClCompile Include="GLAD3-V0.cpp">
      <Filter>Matts Custom Libraries\GLAD\V3\3.0</Filter>
    </ClCompile>
    <ClCompile Include="GLAD3-A0.ixx">
      <Filter>Matts Custom Libraries\GLAD\V3\3.0</Filter>
    </ClCompile>
    <ClCompile Include="GLAD3-V1.cpp">
      <Filter>Matts Custom Libraries\GLAD\V3\3.1</Filter>
    </ClCompile>
    <ClCompile Include="GLAD\GLAD3-V1.ixx">
      <Filter>Matts Custom Libraries\GLAD\V3\3.1</Filter>
    </ClCompile>
    <ClCompile Include="GLAD3-A1.ixx">
      <Filter>Matts Custom Libraries\GLAD\V3\3.1</Filter>
    </ClCompile>
    <ClCompile Include="GLAD3-V2.cpp">
      <Filter>Matts Custom Libraries\GLAD\V3\3.2</Filter>
    </ClCompile>
    <ClCompile Include="GLAD\GLAD3-V2.ixx">
      <Filter>Matts Custom Libraries\GLAD\V3\3.2</Filter>
    </ClCompile>
    <ClCompile Include="GLAD3-A2.ixx">
      <Filter>Matts Custom Libraries\GLAD\V3\3.2</Filter>
    </ClCompile>
    <ClCompile Include="GLAD\GLAD3-V3.ixx">
      <Filter>Matts Custom Libraries\GLAD\V3\3.3</Filter>
    </ClCompile>
    <ClCompile Include="GLAD3-V3.cpp">
      <Filter>Matts Custom Libraries\GLAD\V3\3.3</Filter>
    </ClCompile>
    <ClCompile Include="GLAD3-A3.ixx">
      <Filter>Matts Custom Libraries\GLAD\V3\3.3</Filter>
    </ClCompile>
    <ClCompile Include="GLAD3.ixx">
      <Filter>Matts Custom Libraries\GLAD\V3</Filter>
    </ClCompile>
    <ClCompile Include="GLAD4-V0.cpp">
      <Filter>Matts Custom Libraries\GLAD\V4\4.0</Filter>
    </ClCompile>
    <ClCompile Include="GLAD\GLAD4-V0.ixx">
      <Filter>Matts Custom Libraries\GLAD\V4\4.0</Filter>
    </ClCompile>
    <ClCompile Include="GLAD4-A0.ixx">
      <Filter>Matts Custom Libraries\GLAD\V4\4.0</Filter>
    </ClCompile>
    <ClCompile Include="GLAD4-V1.cpp">
      <Filter>Matts Custom Libraries\GLAD\V4\4.1</Filter>
    </ClCompile>
    <ClCompile Include="GLAD\GLAD4-V1.ixx">
      <Filter>Matts Custom Libraries\GLAD\V4\4.1</Filter>
    </ClCompile>
    <ClCompile Include="GLAD4-A1.ixx">
      <Filter>Matts Custom Libraries\GLAD\V4\4.1</Filter>
    </ClCompile>
    <ClCompile Include="GLAD\GLAD4-V2.ixx">
      <Filter>Matts Custom Libraries\GLAD\V4\4.2</Filter>
    </ClCompile>
    <ClCompile Include="GLAD4-V2.cpp">
      <Filter>Matts Custom Libraries\GLAD\V4\4.2</Filter>
    </ClCompile>
    <ClCompile Include="GLAD4-A2.ixx">
      <Filter>Matts Custom Libraries\GLAD\V4\4.2</Filter>
    </ClCompile>
    <ClCompile Include="GLAD4-V3.cpp">
      <Filter>Matts Custom Libraries\GLAD\V4\4.3</Filter>
    </ClCompile>
    <ClCompile Include="GLAD\GLAD4-V3.ixx">
      <Filter>Matts Custom Libraries\GLAD\V4\4.3</Filter>
    </ClCompile>
    <ClCompile Include="GLAD4-A3.ixx">
      <Filter>Matts Custom Libraries\GLAD\V4\4.3</Filter>
    </ClCompile>
    <ClCompile Include="GLAD4-V4.cpp">
      <Filter>Matts Custom Libraries\GLAD\V4\4.4</Filter>
    </ClCompile>
    <ClCompile Include="GLAD\GLAD4-V4.ixx">
      <Filter>Matts Custom Libraries\GLAD\V4\4.4</Filter>
    </ClCompile>
    <ClCompile Include="GLAD4-A4.ixx">
      <Filter>Matts Custom Libraries\GLAD\V4\4.4</Filter>
    </ClCompile>
    <ClCompile Include="GLAD4-V5.cpp">
      <Filter>Matts Custom Libraries\GLAD\V4\4.5</Filter>
    </ClCompile>
    <ClCompile Include="GLAD\GLAD4-V5.ixx">
      <Filter>Matts Custom Libraries\GLAD\V4\4.5</Filter>
    </ClCompile>
    <ClCompile Include="GLAD4-A5.ixx">
      <Filter>Matts Custom Libraries\GLAD\V4\4.5</Filter>
    </ClCompile>
    <ClCompile Include="GLAD\GLAD4-V6.ixx">
      <Filter>Matts Custom Libraries\GLAD\V4\4.6</Filter>
    </ClCompile>
    <ClCompile Include="GLAD4-V6.cpp">
      <Filter>Matts Custom Libraries\GLAD\V4\4.6</Filter>
    </ClCompile>
    <ClCompile Include="GLAD4-A6.ixx">
      <Filter>Matts Custom Libraries\GLAD\V4\4.6</Filter>
    </ClCompile>
    <ClCompile Include="GLAD4.ixx">
      <Filter>Matts Custom Libraries\GLAD\V4</Filter>
    </ClCompile>
    <ClCompile Include="GLADWGL-AWGL.ixx">
      <Filter>Matts Custom Libraries\GLAD\WGL</Filter>
    </ClCompile>
    <ClCompile Include="GLADWGL-Types.ixx">
      <Filter>Matts Custom Libraries\GLAD\WGL</Filter>
    </ClCompile>
    <ClCompile Include="GLADWGL.ixx">
      <Filter>Matts Custom Libraries\GLAD\WGL</Filter>
    </ClCompile>
  </ItemGroup>
  <ItemGroup>
    <None Include="Shaders\VertexShader.glsl">
      <Filter>Matts Custom Libraries\Shaders</Filter>
    </None>
    <None Include="Shaders\FragmentShader.glsl">
      <Filter>Matts Custom Libraries\Shaders</Filter>
    </None>
    <None Include="cpp.hint" />
  </ItemGroup>
  <ItemGroup>
    <ClInclude Include="Shaders\stb_image.h">
      <Filter>Matts Custom Libraries\Debug</Filter>
    </ClInclude>
    <ClInclude Include="stb_image.h">
      <Filter>Matts Custom Libraries\Objects</Filter>
    </ClInclude>
  </ItemGroup>
</Project>