<?xml version="1.0" encoding="utf-8"?>
<Project ToolsVersion="4.0" xmlns="http://schemas.microsoft.com/developer/msbuild/2003">
  <ItemGroup>
    <Filter Include="Source Files">
      <UniqueIdentifier>{4FC737F1-C7A5-4376-A066-2A32D752A2FF}</UniqueIdentifier>
      <Extensions>cpp;c;cc;cxx;c++;cppm;ixx;def;odl;idl;hpj;bat;asm;asmx</Extensions>
    </Filter>
    <Filter Include="Header Files">
      <UniqueIdentifier>{93995380-89BD-4b04-88EB-625FBE52EBFB}</UniqueIdentifier>
      <Extensions>h;hh;hpp;hxx;h++;hm;inl;inc;ipp;xsd</Extensions>
    </Filter>
    <Filter Include="Resource Files">
      <UniqueIdentifier>{67DA6AB6-F800-4c08-8B7A-83BB121AAD01}</UniqueIdentifier>
      <Extensions>rc;ico;cur;bmp;dlg;rc2;rct;bin;rgs;gif;jpg;jpeg;jpe;resx;tiff;tif;png;wav;mfcribbon-ms</Extensions>
    </Filter>
    <Filter Include="Module Files">
      <UniqueIdentifier>{cd67d22f-dd92-455c-9d5b-5732fa53a0b4}</UniqueIdentifier>
    </Filter>
    <Filter Include="Matts Custom Libraries">
      <UniqueIdentifier>{156e8410-a23e-4120-8054-3298067c15ef}</UniqueIdentifier>
    </Filter>
    <Filter Include="Matts Custom Libraries\KHR">
      <UniqueIdentifier>{ba80a536-bbad-4ba0-aa6c-7cd7cf5ee000}</UniqueIdentifier>
    </Filter>
    <Filter Include="Matts Custom Libraries\GLAD">
      <UniqueIdentifier>{e04c3a7d-2332-47e4-aad7-f55f2e5ea3a6}</UniqueIdentifier>
    </Filter>
    <Filter Include="Matts Custom Libraries\GLAD\Glad Module Files">
      <UniqueIdentifier>{f639bf77-daa3-42fa-a0ae-447c4e3e7bb7}</UniqueIdentifier>
    </Filter>
    <Filter Include="Matts Custom Libraries\GLAD\Glad Source Files">
      <UniqueIdentifier>{806c4fa2-873e-484d-91a3-b6c6b6649d82}</UniqueIdentifier>
    </Filter>
    <Filter Include="Matts Custom Libraries\GLM">
      <UniqueIdentifier>{3564ba5e-7b9e-4dc2-a223-457c9a531df5}</UniqueIdentifier>
    </Filter>
    <Filter Include="Matts Custom Libraries\KeyboardInput">
      <UniqueIdentifier>{f4e389fc-f6e2-406a-88b3-613f67f9e14e}</UniqueIdentifier>
    </Filter>
    <Filter Include="Matts Custom Libraries\WindowContext">
      <UniqueIdentifier>{125852fc-a90b-443f-9d1d-5bc4e26de16b}</UniqueIdentifier>
    </Filter>
    <Filter Include="Matts Custom Libraries\Debug">
      <UniqueIdentifier>{1e718425-66a9-4eb5-9884-a395930ddf34}</UniqueIdentifier>
    </Filter>
    <Filter Include="Matts Custom Libraries\Vulkan">
      <UniqueIdentifier>{f70c6d21-4617-43bb-adad-1d1d9e1be4af}</UniqueIdentifier>
    </Filter>
    <Filter Include="Matts Custom Libraries\Shaders">
      <UniqueIdentifier>{b08627be-80ea-4bea-bd47-a79ba48413a4}</UniqueIdentifier>
    </Filter>
    <Filter Include="Matts Custom Libraries\Objects">
      <UniqueIdentifier>{0b828510-cfd3-4563-b5d5-96a52f2e195b}</UniqueIdentifier>
    </Filter>
    <Filter Include="Matts Custom Libraries\OldObjects">
      <UniqueIdentifier>{7e101d25-7906-4996-9169-6edc44b80ee9}</UniqueIdentifier>
    </Filter>
  </ItemGroup>
  <ItemGroup>
    <ClCompile Include="Cheese.cpp">
      <Filter>Source Files</Filter>
    </ClCompile>
    <ClCompile Include="KHR\KHR.ixx">
      <Filter>Matts Custom Libraries\KHR</Filter>
    </ClCompile>
    <ClCompile Include="GLAD\GLAD-V2_1.ixx">
      <Filter>Matts Custom Libraries\GLAD\Glad Module Files</Filter>
    </ClCompile>
    <ClCompile Include="GLAD\GLAD-V3_0.ixx">
      <Filter>Matts Custom Libraries\GLAD\Glad Module Files</Filter>
    </ClCompile>
    <ClCompile Include="GLAD\GLAD-V3_1.ixx">
      <Filter>Matts Custom Libraries\GLAD\Glad Module Files</Filter>
    </ClCompile>
    <ClCompile Include="GLAD\GLAD-V3_2.ixx">
      <Filter>Matts Custom Libraries\GLAD\Glad Module Files</Filter>
    </ClCompile>
    <ClCompile Include="GLAD\GLAD-V3_3.ixx">
      <Filter>Matts Custom Libraries\GLAD\Glad Module Files</Filter>
    </ClCompile>
    <ClCompile Include="GLAD\GLAD-V4_0.ixx">
      <Filter>Matts Custom Libraries\GLAD\Glad Module Files</Filter>
    </ClCompile>
    <ClCompile Include="GLAD\GLAD-V4_1.ixx">
      <Filter>Matts Custom Libraries\GLAD\Glad Module Files</Filter>
    </ClCompile>
    <ClCompile Include="GLAD\GLAD-V4_2.ixx">
      <Filter>Matts Custom Libraries\GLAD\Glad Module Files</Filter>
    </ClCompile>
    <ClCompile Include="GLAD\GLAD-V4_3.ixx">
      <Filter>Matts Custom Libraries\GLAD\Glad Module Files</Filter>
    </ClCompile>
    <ClCompile Include="GLAD\GLAD-V4_4.ixx">
      <Filter>Matts Custom Libraries\GLAD\Glad Module Files</Filter>
    </ClCompile>
    <ClCompile Include="GLAD\GLAD-V4_5.ixx">
      <Filter>Matts Custom Libraries\GLAD\Glad Module Files</Filter>
    </ClCompile>
    <ClCompile Include="GLAD\GLAD-V4_6.ixx">
      <Filter>Matts Custom Libraries\GLAD\Glad Module Files</Filter>
    </ClCompile>
    <ClCompile Include="GLAD\GLAD-BASE.ixx">
      <Filter>Matts Custom Libraries\GLAD\Glad Module Files</Filter>
    </ClCompile>
    <ClCompile Include="GLAD\GLAD-Macros.ixx">
      <Filter>Matts Custom Libraries\GLAD\Glad Module Files</Filter>
    </ClCompile>
    <ClCompile Include="GLAD\GLAD-Types.ixx">
      <Filter>Matts Custom Libraries\GLAD\Glad Module Files</Filter>
    </ClCompile>
    <ClCompile Include="GLAD\GLAD.ixx">
      <Filter>Matts Custom Libraries\GLAD\Glad Module Files</Filter>
    </ClCompile>
    <ClCompile Include="GLAD\GLAD-V1_0.ixx">
      <Filter>Matts Custom Libraries\GLAD\Glad Module Files</Filter>
    </ClCompile>
    <ClCompile Include="GLAD\GLAD-V1_1.ixx">
      <Filter>Matts Custom Libraries\GLAD\Glad Module Files</Filter>
    </ClCompile>
    <ClCompile Include="GLAD\GLAD-V1_2.ixx">
      <Filter>Matts Custom Libraries\GLAD\Glad Module Files</Filter>
    </ClCompile>
    <ClCompile Include="GLAD\GLAD-V1_3.ixx">
      <Filter>Matts Custom Libraries\GLAD\Glad Module Files</Filter>
    </ClCompile>
    <ClCompile Include="GLAD\GLAD-V1_4.ixx">
      <Filter>Matts Custom Libraries\GLAD\Glad Module Files</Filter>
    </ClCompile>
    <ClCompile Include="GLAD\GLAD-V1_5.ixx">
      <Filter>Matts Custom Libraries\GLAD\Glad Module Files</Filter>
    </ClCompile>
    <ClCompile Include="GLAD\GLAD-V2_0.ixx">
      <Filter>Matts Custom Libraries\GLAD\Glad Module Files</Filter>
    </ClCompile>
    <ClCompile Include="GLAD\GLAD.cppm">
      <Filter>Matts Custom Libraries\GLAD\Glad Source Files</Filter>
    </ClCompile>
    <ClCompile Include="GLM\glm\modules\GLM-detail_compute_common.ixx">
      <Filter>Matts Custom Libraries\GLM</Filter>
    </ClCompile>
    <ClCompile Include="GLM\glm\modules\GLM-detail_compute_vector_relational.ixx">
      <Filter>Matts Custom Libraries\GLM</Filter>
    </ClCompile>
    <ClCompile Include="GLM\glm\modules\GLM-detail_qualifier.ixx">
      <Filter>Matts Custom Libraries\GLM</Filter>
    </ClCompile>
    <ClCompile Include="GLM\glm\modules\GLM-detail_setup.ixx">
      <Filter>Matts Custom Libraries\GLM</Filter>
    </ClCompile>
    <ClCompile Include="GLM\glm\modules\GLM-detail_type_float.ixx">
      <Filter>Matts Custom Libraries\GLM</Filter>
    </ClCompile>
    <ClCompile Include="GLM\glm\modules\GLM-detail_type_half.ixx">
      <Filter>Matts Custom Libraries\GLM</Filter>
    </ClCompile>
    <ClCompile Include="GLM\glm\modules\GLM-detail_type_mat2x2.ixx">
      <Filter>Matts Custom Libraries\GLM</Filter>
    </ClCompile>
    <ClCompile Include="GLM\glm\modules\GLM-detail_type_mat2x3.ixx">
      <Filter>Matts Custom Libraries\GLM</Filter>
    </ClCompile>
    <ClCompile Include="GLM\glm\modules\GLM-detail_type_mat2x4.ixx">
      <Filter>Matts Custom Libraries\GLM</Filter>
    </ClCompile>
    <ClCompile Include="GLM\glm\modules\GLM-detail_type_mat3x2.ixx">
      <Filter>Matts Custom Libraries\GLM</Filter>
    </ClCompile>
    <ClCompile Include="GLM\glm\modules\GLM-detail_type_mat3x3.ixx">
      <Filter>Matts Custom Libraries\GLM</Filter>
    </ClCompile>
    <ClCompile Include="GLM\glm\modules\GLM-detail_type_mat3x4.ixx">
      <Filter>Matts Custom Libraries\GLM</Filter>
    </ClCompile>
    <ClCompile Include="GLM\glm\modules\GLM-detail_type_mat4x2.ixx">
      <Filter>Matts Custom Libraries\GLM</Filter>
    </ClCompile>
    <ClCompile Include="GLM\glm\modules\GLM-detail_type_mat4x3.ixx">
      <Filter>Matts Custom Libraries\GLM</Filter>
    </ClCompile>
    <ClCompile Include="GLM\glm\modules\GLM-detail_type_mat4x4.ixx">
      <Filter>Matts Custom Libraries\GLM</Filter>
    </ClCompile>
    <ClCompile Include="GLM\glm\modules\GLM-detail_type_quat.ixx">
      <Filter>Matts Custom Libraries\GLM</Filter>
    </ClCompile>
    <ClCompile Include="GLM\glm\modules\GLM-detail_type_vec1.ixx">
      <Filter>Matts Custom Libraries\GLM</Filter>
    </ClCompile>
    <ClCompile Include="GLM\glm\modules\GLM-detail_type_vec2.ixx">
      <Filter>Matts Custom Libraries\GLM</Filter>
    </ClCompile>
    <ClCompile Include="GLM\glm\modules\GLM-detail_type_vec3.ixx">
      <Filter>Matts Custom Libraries\GLM</Filter>
    </ClCompile>
    <ClCompile Include="GLM\glm\modules\GLM-detail_type_vec4.ixx">
      <Filter>Matts Custom Libraries\GLM</Filter>
    </ClCompile>
    <ClCompile Include="GLM\glm\modules\GLM-exponential.ixx">
      <Filter>Matts Custom Libraries\GLM</Filter>
    </ClCompile>
    <ClCompile Include="GLM\glm\modules\GLM-ext.ixx">
      <Filter>Matts Custom Libraries\GLM</Filter>
    </ClCompile>
    <ClCompile Include="GLM\glm\modules\GLM-ext_matrix_clip_space.ixx">
      <Filter>Matts Custom Libraries\GLM</Filter>
    </ClCompile>
    <ClCompile Include="GLM\glm\modules\GLM-ext_matrix_common.ixx">
      <Filter>Matts Custom Libraries\GLM</Filter>
    </ClCompile>
    <ClCompile Include="GLM\glm\modules\GLM-ext_matrix_double2x2.ixx">
      <Filter>Matts Custom Libraries\GLM</Filter>
    </ClCompile>
    <ClCompile Include="GLM\glm\modules\GLM-ext_matrix_double2x2_precision.ixx">
      <Filter>Matts Custom Libraries\GLM</Filter>
    </ClCompile>
    <ClCompile Include="GLM\glm\modules\GLM-ext_matrix_double2x3.ixx">
      <Filter>Matts Custom Libraries\GLM</Filter>
    </ClCompile>
    <ClCompile Include="GLM\glm\modules\GLM-ext_matrix_double2x3_precision.ixx">
      <Filter>Matts Custom Libraries\GLM</Filter>
    </ClCompile>
    <ClCompile Include="GLM\glm\modules\GLM-ext_matrix_double2x4.ixx">
      <Filter>Matts Custom Libraries\GLM</Filter>
    </ClCompile>
    <ClCompile Include="GLM\glm\modules\GLM-ext_matrix_double2x4_precision.ixx">
      <Filter>Matts Custom Libraries\GLM</Filter>
    </ClCompile>
    <ClCompile Include="GLM\glm\modules\GLM-ext_matrix_double3x2.ixx">
      <Filter>Matts Custom Libraries\GLM</Filter>
    </ClCompile>
    <ClCompile Include="GLM\glm\modules\GLM-ext_matrix_double3x2_precision.ixx">
      <Filter>Matts Custom Libraries\GLM</Filter>
    </ClCompile>
    <ClCompile Include="GLM\glm\modules\GLM-ext_matrix_double3x3.ixx">
      <Filter>Matts Custom Libraries\GLM</Filter>
    </ClCompile>
    <ClCompile Include="GLM\glm\modules\GLM-ext_matrix_double3x3_precision.ixx">
      <Filter>Matts Custom Libraries\GLM</Filter>
    </ClCompile>
    <ClCompile Include="GLM\glm\modules\GLM-ext_matrix_double3x4.ixx">
      <Filter>Matts Custom Libraries\GLM</Filter>
    </ClCompile>
    <ClCompile Include="GLM\glm\modules\GLM-ext_matrix_double3x4_precision.ixx">
      <Filter>Matts Custom Libraries\GLM</Filter>
    </ClCompile>
    <ClCompile Include="GLM\glm\modules\GLM-ext_matrix_double4x2.ixx">
      <Filter>Matts Custom Libraries\GLM</Filter>
    </ClCompile>
    <ClCompile Include="GLM\glm\modules\GLM-ext_matrix_double4x2_precision.ixx">
      <Filter>Matts Custom Libraries\GLM</Filter>
    </ClCompile>
    <ClCompile Include="GLM\glm\modules\GLM-ext_matrix_double4x3.ixx">
      <Filter>Matts Custom Libraries\GLM</Filter>
    </ClCompile>
    <ClCompile Include="GLM\glm\modules\GLM-ext_matrix_double4x3_precision.ixx">
      <Filter>Matts Custom Libraries\GLM</Filter>
    </ClCompile>
    <ClCompile Include="GLM\glm\modules\GLM-ext_matrix_double4x4.ixx">
      <Filter>Matts Custom Libraries\GLM</Filter>
    </ClCompile>
    <ClCompile Include="GLM\glm\modules\GLM-ext_matrix_double4x4_precision.ixx">
      <Filter>Matts Custom Libraries\GLM</Filter>
    </ClCompile>
    <ClCompile Include="GLM\glm\modules\GLM-ext_matrix_float2x2.ixx">
      <Filter>Matts Custom Libraries\GLM</Filter>
    </ClCompile>
    <ClCompile Include="GLM\glm\modules\GLM-ext_matrix_float2x2_precision.ixx">
      <Filter>Matts Custom Libraries\GLM</Filter>
    </ClCompile>
    <ClCompile Include="GLM\glm\modules\GLM-ext_matrix_float2x3.ixx">
      <Filter>Matts Custom Libraries\GLM</Filter>
    </ClCompile>
    <ClCompile Include="GLM\glm\modules\GLM-ext_matrix_float2x3_precision.ixx">
      <Filter>Matts Custom Libraries\GLM</Filter>
    </ClCompile>
    <ClCompile Include="GLM\glm\modules\GLM-ext_matrix_float2x4.ixx">
      <Filter>Matts Custom Libraries\GLM</Filter>
    </ClCompile>
    <ClCompile Include="GLM\glm\modules\GLM-ext_matrix_float2x4_precision.ixx">
      <Filter>Matts Custom Libraries\GLM</Filter>
    </ClCompile>
    <ClCompile Include="GLM\glm\modules\GLM-ext_matrix_float3x2.ixx">
      <Filter>Matts Custom Libraries\GLM</Filter>
    </ClCompile>
    <ClCompile Include="GLM\glm\modules\GLM-ext_matrix_float3x2_precision.ixx">
      <Filter>Matts Custom Libraries\GLM</Filter>
    </ClCompile>
    <ClCompile Include="GLM\glm\modules\GLM-ext_matrix_float3x3.ixx">
      <Filter>Matts Custom Libraries\GLM</Filter>
    </ClCompile>
    <ClCompile Include="GLM\glm\modules\GLM-ext_matrix_float3x3_precision.ixx">
      <Filter>Matts Custom Libraries\GLM</Filter>
    </ClCompile>
    <ClCompile Include="GLM\glm\modules\GLM-ext_matrix_float3x4.ixx">
      <Filter>Matts Custom Libraries\GLM</Filter>
    </ClCompile>
    <ClCompile Include="GLM\glm\modules\GLM-ext_matrix_float3x4_precision.ixx">
      <Filter>Matts Custom Libraries\GLM</Filter>
    </ClCompile>
    <ClCompile Include="GLM\glm\modules\GLM-ext_matrix_float4x2.ixx">
      <Filter>Matts Custom Libraries\GLM</Filter>
    </ClCompile>
    <ClCompile Include="GLM\glm\modules\GLM-ext_matrix_float4x2_precision.ixx">
      <Filter>Matts Custom Libraries\GLM</Filter>
    </ClCompile>
    <ClCompile Include="GLM\glm\modules\GLM-ext_matrix_float4x3.ixx">
      <Filter>Matts Custom Libraries\GLM</Filter>
    </ClCompile>
    <ClCompile Include="GLM\glm\modules\GLM-ext_matrix_float4x3_precision.ixx">
      <Filter>Matts Custom Libraries\GLM</Filter>
    </ClCompile>
    <ClCompile Include="GLM\glm\modules\GLM-ext_matrix_float4x4.ixx">
      <Filter>Matts Custom Libraries\GLM</Filter>
    </ClCompile>
    <ClCompile Include="GLM\glm\modules\GLM-ext_matrix_float4x4_precision.ixx">
      <Filter>Matts Custom Libraries\GLM</Filter>
    </ClCompile>
    <ClCompile Include="GLM\glm\modules\GLM-ext_matrix_projection.ixx">
      <Filter>Matts Custom Libraries\GLM</Filter>
    </ClCompile>
    <ClCompile Include="GLM\glm\modules\GLM-ext_matrix_relational.ixx">
      <Filter>Matts Custom Libraries\GLM</Filter>
    </ClCompile>
    <ClCompile Include="GLM\glm\modules\GLM-ext_matrix_transform.ixx">
      <Filter>Matts Custom Libraries\GLM</Filter>
    </ClCompile>
    <ClCompile Include="GLM\glm\modules\GLM-ext_quaternion_common.ixx">
      <Filter>Matts Custom Libraries\GLM</Filter>
    </ClCompile>
    <ClCompile Include="GLM\glm\modules\GLM-ext_quaternion_double.ixx">
      <Filter>Matts Custom Libraries\GLM</Filter>
    </ClCompile>
    <ClCompile Include="GLM\glm\modules\GLM-ext_quaternion_double_precision.ixx">
      <Filter>Matts Custom Libraries\GLM</Filter>
    </ClCompile>
    <ClCompile Include="GLM\glm\modules\GLM-ext_quaternion_exponential.ixx">
      <Filter>Matts Custom Libraries\GLM</Filter>
    </ClCompile>
    <ClCompile Include="GLM\glm\modules\GLM-ext_quaternion_float.ixx">
      <Filter>Matts Custom Libraries\GLM</Filter>
    </ClCompile>
    <ClCompile Include="GLM\glm\modules\GLM-ext_quaternion_float_precision.ixx">
      <Filter>Matts Custom Libraries\GLM</Filter>
    </ClCompile>
    <ClCompile Include="GLM\glm\modules\GLM-ext_quaternion_geometric.ixx">
      <Filter>Matts Custom Libraries\GLM</Filter>
    </ClCompile>
    <ClCompile Include="GLM\glm\modules\GLM-ext_quaternion_relational.ixx">
      <Filter>Matts Custom Libraries\GLM</Filter>
    </ClCompile>
    <ClCompile Include="GLM\glm\modules\GLM-ext_quaternion_transform.ixx">
      <Filter>Matts Custom Libraries\GLM</Filter>
    </ClCompile>
    <ClCompile Include="GLM\glm\modules\GLM-ext_quaternion_trigonometric.ixx">
      <Filter>Matts Custom Libraries\GLM</Filter>
    </ClCompile>
    <ClCompile Include="GLM\glm\modules\GLM-ext_scalar_common.ixx">
      <Filter>Matts Custom Libraries\GLM</Filter>
    </ClCompile>
    <ClCompile Include="GLM\glm\modules\GLM-ext_scalar_constants.ixx">
      <Filter>Matts Custom Libraries\GLM</Filter>
    </ClCompile>
    <ClCompile Include="GLM\glm\modules\GLM-ext_scalar_int_sized.ixx">
      <Filter>Matts Custom Libraries\GLM</Filter>
    </ClCompile>
    <ClCompile Include="GLM\glm\modules\GLM-ext_scalar_relational.ixx">
      <Filter>Matts Custom Libraries\GLM</Filter>
    </ClCompile>
    <ClCompile Include="GLM\glm\modules\GLM-ext_scalar_uint_sized.ixx">
      <Filter>Matts Custom Libraries\GLM</Filter>
    </ClCompile>
    <ClCompile Include="GLM\glm\modules\GLM-ext_scalar_ulp.ixx">
      <Filter>Matts Custom Libraries\GLM</Filter>
    </ClCompile>
    <ClCompile Include="GLM\glm\modules\GLM-ext_vector_bool1.ixx">
      <Filter>Matts Custom Libraries\GLM</Filter>
    </ClCompile>
    <ClCompile Include="GLM\glm\modules\GLM-ext_vector_bool1_precision.ixx">
      <Filter>Matts Custom Libraries\GLM</Filter>
    </ClCompile>
    <ClCompile Include="GLM\glm\modules\GLM-ext_vector_bool2.ixx">
      <Filter>Matts Custom Libraries\GLM</Filter>
    </ClCompile>
    <ClCompile Include="GLM\glm\modules\GLM-ext_vector_bool2_precision.ixx">
      <Filter>Matts Custom Libraries\GLM</Filter>
    </ClCompile>
    <ClCompile Include="GLM\glm\modules\GLM-ext_vector_bool3.ixx">
      <Filter>Matts Custom Libraries\GLM</Filter>
    </ClCompile>
    <ClCompile Include="GLM\glm\modules\GLM-ext_vector_bool3_precision.ixx">
      <Filter>Matts Custom Libraries\GLM</Filter>
    </ClCompile>
    <ClCompile Include="GLM\glm\modules\GLM-ext_vector_bool4.ixx">
      <Filter>Matts Custom Libraries\GLM</Filter>
    </ClCompile>
    <ClCompile Include="GLM\glm\modules\GLM-ext_vector_bool4_precision.ixx">
      <Filter>Matts Custom Libraries\GLM</Filter>
    </ClCompile>
    <ClCompile Include="GLM\glm\modules\GLM-ext_vector_common.ixx">
      <Filter>Matts Custom Libraries\GLM</Filter>
    </ClCompile>
    <ClCompile Include="GLM\glm\modules\GLM-ext_vector_double1.ixx">
      <Filter>Matts Custom Libraries\GLM</Filter>
    </ClCompile>
    <ClCompile Include="GLM\glm\modules\GLM-ext_vector_double1_precision.ixx">
      <Filter>Matts Custom Libraries\GLM</Filter>
    </ClCompile>
    <ClCompile Include="GLM\glm\modules\GLM-ext_vector_double2.ixx">
      <Filter>Matts Custom Libraries\GLM</Filter>
    </ClCompile>
    <ClCompile Include="GLM\glm\modules\GLM-ext_vector_double2_precision.ixx">
      <Filter>Matts Custom Libraries\GLM</Filter>
    </ClCompile>
    <ClCompile Include="GLM\glm\modules\GLM-ext_vector_double3.ixx">
      <Filter>Matts Custom Libraries\GLM</Filter>
    </ClCompile>
    <ClCompile Include="GLM\glm\modules\GLM-ext_vector_double3_precision.ixx">
      <Filter>Matts Custom Libraries\GLM</Filter>
    </ClCompile>
    <ClCompile Include="GLM\glm\modules\GLM-ext_vector_double4.ixx">
      <Filter>Matts Custom Libraries\GLM</Filter>
    </ClCompile>
    <ClCompile Include="GLM\glm\modules\GLM-ext_vector_double4_precision.ixx">
      <Filter>Matts Custom Libraries\GLM</Filter>
    </ClCompile>
    <ClCompile Include="GLM\glm\modules\GLM-ext_vector_float1.ixx">
      <Filter>Matts Custom Libraries\GLM</Filter>
    </ClCompile>
    <ClCompile Include="GLM\glm\modules\GLM-ext_vector_float1_precision.ixx">
      <Filter>Matts Custom Libraries\GLM</Filter>
    </ClCompile>
    <ClCompile Include="GLM\glm\modules\GLM-ext_vector_float2.ixx">
      <Filter>Matts Custom Libraries\GLM</Filter>
    </ClCompile>
    <ClCompile Include="GLM\glm\modules\GLM-ext_vector_float2_precision.ixx">
      <Filter>Matts Custom Libraries\GLM</Filter>
    </ClCompile>
    <ClCompile Include="GLM\glm\modules\GLM-ext_vector_float3.ixx">
      <Filter>Matts Custom Libraries\GLM</Filter>
    </ClCompile>
    <ClCompile Include="GLM\glm\modules\GLM-ext_vector_float3_precision.ixx">
      <Filter>Matts Custom Libraries\GLM</Filter>
    </ClCompile>
    <ClCompile Include="GLM\glm\modules\GLM-ext_vector_float4.ixx">
      <Filter>Matts Custom Libraries\GLM</Filter>
    </ClCompile>
    <ClCompile Include="GLM\glm\modules\GLM-ext_vector_float4_precision.ixx">
      <Filter>Matts Custom Libraries\GLM</Filter>
    </ClCompile>
    <ClCompile Include="GLM\glm\modules\GLM-ext_vector_int1.ixx">
      <Filter>Matts Custom Libraries\GLM</Filter>
    </ClCompile>
    <ClCompile Include="GLM\glm\modules\GLM-ext_vector_int1_precision.ixx">
      <Filter>Matts Custom Libraries\GLM</Filter>
    </ClCompile>
    <ClCompile Include="GLM\glm\modules\GLM-ext_vector_int2.ixx">
      <Filter>Matts Custom Libraries\GLM</Filter>
    </ClCompile>
    <ClCompile Include="GLM\glm\modules\GLM-ext_vector_int2_precision.ixx">
      <Filter>Matts Custom Libraries\GLM</Filter>
    </ClCompile>
    <ClCompile Include="GLM\glm\modules\GLM-ext_vector_int3.ixx">
      <Filter>Matts Custom Libraries\GLM</Filter>
    </ClCompile>
    <ClCompile Include="GLM\glm\modules\GLM-ext_vector_int3_precision.ixx">
      <Filter>Matts Custom Libraries\GLM</Filter>
    </ClCompile>
    <ClCompile Include="GLM\glm\modules\GLM-ext_vector_int4.ixx">
      <Filter>Matts Custom Libraries\GLM</Filter>
    </ClCompile>
    <ClCompile Include="GLM\glm\modules\GLM-ext_vector_int4_precision.ixx">
      <Filter>Matts Custom Libraries\GLM</Filter>
    </ClCompile>
    <ClCompile Include="GLM\glm\modules\GLM-ext_vector_relational.ixx">
      <Filter>Matts Custom Libraries\GLM</Filter>
    </ClCompile>
    <ClCompile Include="GLM\glm\modules\GLM-ext_vector_uint1.ixx">
      <Filter>Matts Custom Libraries\GLM</Filter>
    </ClCompile>
    <ClCompile Include="GLM\glm\modules\GLM-ext_vector_uint1_precision.ixx">
      <Filter>Matts Custom Libraries\GLM</Filter>
    </ClCompile>
    <ClCompile Include="GLM\glm\modules\GLM-ext_vector_uint2.ixx">
      <Filter>Matts Custom Libraries\GLM</Filter>
    </ClCompile>
    <ClCompile Include="GLM\glm\modules\GLM-ext_vector_uint2_precision.ixx">
      <Filter>Matts Custom Libraries\GLM</Filter>
    </ClCompile>
    <ClCompile Include="GLM\glm\modules\GLM-ext_vector_uint3.ixx">
      <Filter>Matts Custom Libraries\GLM</Filter>
    </ClCompile>
    <ClCompile Include="GLM\glm\modules\GLM-ext_vector_uint3_precision.ixx">
      <Filter>Matts Custom Libraries\GLM</Filter>
    </ClCompile>
    <ClCompile Include="GLM\glm\modules\GLM-ext_vector_uint4.ixx">
      <Filter>Matts Custom Libraries\GLM</Filter>
    </ClCompile>
    <ClCompile Include="GLM\glm\modules\GLM-ext_vector_uint4_precision.ixx">
      <Filter>Matts Custom Libraries\GLM</Filter>
    </ClCompile>
    <ClCompile Include="GLM\glm\modules\GLM-ext_vector_ulp.ixx">
      <Filter>Matts Custom Libraries\GLM</Filter>
    </ClCompile>
    <ClCompile Include="GLM\glm\modules\GLM-fwd.ixx">
      <Filter>Matts Custom Libraries\GLM</Filter>
    </ClCompile>
    <ClCompile Include="GLM\glm\modules\GLM-geometric.ixx">
      <Filter>Matts Custom Libraries\GLM</Filter>
    </ClCompile>
    <ClCompile Include="GLM\glm\modules\GLM-glm.ixx">
      <Filter>Matts Custom Libraries\GLM</Filter>
    </ClCompile>
    <ClCompile Include="GLM\glm\modules\GLM-gtc_bitfield.ixx">
      <Filter>Matts Custom Libraries\GLM</Filter>
    </ClCompile>
    <ClCompile Include="GLM\glm\modules\GLM-gtc_color_space.ixx">
      <Filter>Matts Custom Libraries\GLM</Filter>
    </ClCompile>
    <ClCompile Include="GLM\glm\modules\GLM-gtc_constants.ixx">
      <Filter>Matts Custom Libraries\GLM</Filter>
    </ClCompile>
    <ClCompile Include="GLM\glm\modules\GLM-gtc_epsilon.ixx">
      <Filter>Matts Custom Libraries\GLM</Filter>
    </ClCompile>
    <ClCompile Include="GLM\glm\modules\GLM-gtc_integer.ixx">
      <Filter>Matts Custom Libraries\GLM</Filter>
    </ClCompile>
    <ClCompile Include="GLM\glm\modules\GLM-gtc_matrix_access.ixx">
      <Filter>Matts Custom Libraries\GLM</Filter>
    </ClCompile>
    <ClCompile Include="GLM\glm\modules\GLM-gtc_matrix_integer.ixx">
      <Filter>Matts Custom Libraries\GLM</Filter>
    </ClCompile>
    <ClCompile Include="GLM\glm\modules\GLM-gtc_matrix_inverse.ixx">
      <Filter>Matts Custom Libraries\GLM</Filter>
    </ClCompile>
    <ClCompile Include="GLM\glm\modules\GLM-gtc_matrix_transform.ixx">
      <Filter>Matts Custom Libraries\GLM</Filter>
    </ClCompile>
    <ClCompile Include="GLM\glm\modules\GLM-gtc_noise.ixx">
      <Filter>Matts Custom Libraries\GLM</Filter>
    </ClCompile>
    <ClCompile Include="GLM\glm\modules\GLM-gtc_packing.ixx">
      <Filter>Matts Custom Libraries\GLM</Filter>
    </ClCompile>
    <ClCompile Include="GLM\glm\modules\GLM-gtc_quaternion.ixx">
      <Filter>Matts Custom Libraries\GLM</Filter>
    </ClCompile>
    <ClCompile Include="GLM\glm\modules\GLM-gtc_random.ixx">
      <Filter>Matts Custom Libraries\GLM</Filter>
    </ClCompile>
    <ClCompile Include="GLM\glm\modules\GLM-gtc_reciprocal.ixx">
      <Filter>Matts Custom Libraries\GLM</Filter>
    </ClCompile>
    <ClCompile Include="GLM\glm\modules\GLM-gtc_round.ixx">
      <Filter>Matts Custom Libraries\GLM</Filter>
    </ClCompile>
    <ClCompile Include="GLM\glm\modules\GLM-gtc_type_aligned.ixx">
      <Filter>Matts Custom Libraries\GLM</Filter>
    </ClCompile>
    <ClCompile Include="GLM\glm\modules\GLM-gtc_type_precision.ixx">
      <Filter>Matts Custom Libraries\GLM</Filter>
    </ClCompile>
    <ClCompile Include="GLM\glm\modules\GLM-gtc_type_ptr.ixx">
      <Filter>Matts Custom Libraries\GLM</Filter>
    </ClCompile>
    <ClCompile Include="GLM\glm\modules\GLM-gtc_ulp.ixx">
      <Filter>Matts Custom Libraries\GLM</Filter>
    </ClCompile>
    <ClCompile Include="GLM\glm\modules\GLM-gtc_vec1.ixx">
      <Filter>Matts Custom Libraries\GLM</Filter>
    </ClCompile>
    <ClCompile Include="GLM\glm\modules\GLM-gtx_associated_min_max.ixx">
      <Filter>Matts Custom Libraries\GLM</Filter>
    </ClCompile>
    <ClCompile Include="GLM\glm\modules\GLM-gtx_bit.ixx">
      <Filter>Matts Custom Libraries\GLM</Filter>
    </ClCompile>
    <ClCompile Include="GLM\glm\modules\GLM-gtx_closest_point.ixx">
      <Filter>Matts Custom Libraries\GLM</Filter>
    </ClCompile>
    <ClCompile Include="GLM\glm\modules\GLM-gtx_color_encoding.ixx">
      <Filter>Matts Custom Libraries\GLM</Filter>
    </ClCompile>
    <ClCompile Include="GLM\glm\modules\GLM-gtx_color_space.ixx">
      <Filter>Matts Custom Libraries\GLM</Filter>
    </ClCompile>
    <ClCompile Include="GLM\glm\modules\GLM-gtx_color_space_YCoCg.ixx">
      <Filter>Matts Custom Libraries\GLM</Filter>
    </ClCompile>
    <ClCompile Include="GLM\glm\modules\GLM-gtx_common.ixx">
      <Filter>Matts Custom Libraries\GLM</Filter>
    </ClCompile>
    <ClCompile Include="GLM\glm\modules\GLM-gtx_compatibility.ixx">
      <Filter>Matts Custom Libraries\GLM</Filter>
    </ClCompile>
    <ClCompile Include="GLM\glm\modules\GLM-gtx_component_wise.ixx">
      <Filter>Matts Custom Libraries\GLM</Filter>
    </ClCompile>
    <ClCompile Include="GLM\glm\modules\GLM-gtx_dual_quaternion.ixx">
      <Filter>Matts Custom Libraries\GLM</Filter>
    </ClCompile>
    <ClCompile Include="GLM\glm\modules\GLM-gtx_easing.ixx">
      <Filter>Matts Custom Libraries\GLM</Filter>
    </ClCompile>
    <ClCompile Include="GLM\glm\modules\GLM-gtx_euler_angles.ixx">
      <Filter>Matts Custom Libraries\GLM</Filter>
    </ClCompile>
    <ClCompile Include="GLM\glm\modules\GLM-gtx_extend.ixx">
      <Filter>Matts Custom Libraries\GLM</Filter>
    </ClCompile>
    <ClCompile Include="GLM\glm\modules\GLM-gtx_extended_min_max.ixx">
      <Filter>Matts Custom Libraries\GLM</Filter>
    </ClCompile>
    <ClCompile Include="GLM\glm\modules\GLM-gtx_exterior_product.ixx">
      <Filter>Matts Custom Libraries\GLM</Filter>
    </ClCompile>
    <ClCompile Include="GLM\glm\modules\GLM-gtx_fast_exponential.ixx">
      <Filter>Matts Custom Libraries\GLM</Filter>
    </ClCompile>
    <ClCompile Include="GLM\glm\modules\GLM-gtx_fast_square_root.ixx">
      <Filter>Matts Custom Libraries\GLM</Filter>
    </ClCompile>
    <ClCompile Include="GLM\glm\modules\GLM-gtx_fast_trigonometry.ixx">
      <Filter>Matts Custom Libraries\GLM</Filter>
    </ClCompile>
    <ClCompile Include="GLM\glm\modules\GLM-gtx_functions.ixx">
      <Filter>Matts Custom Libraries\GLM</Filter>
    </ClCompile>
    <ClCompile Include="GLM\glm\modules\GLM-gtx_gradient_paint.ixx">
      <Filter>Matts Custom Libraries\GLM</Filter>
    </ClCompile>
    <ClCompile Include="GLM\glm\modules\GLM-gtx_handed_coordinate_space.ixx">
      <Filter>Matts Custom Libraries\GLM</Filter>
    </ClCompile>
    <ClCompile Include="GLM\glm\modules\GLM-gtx_hash.ixx">
      <Filter>Matts Custom Libraries\GLM</Filter>
    </ClCompile>
    <ClCompile Include="GLM\glm\modules\GLM-gtx_integer.ixx">
      <Filter>Matts Custom Libraries\GLM</Filter>
    </ClCompile>
    <ClCompile Include="GLM\glm\modules\GLM-gtx_intersect.ixx">
      <Filter>Matts Custom Libraries\GLM</Filter>
    </ClCompile>
    <ClCompile Include="GLM\glm\modules\GLM-gtx_io.ixx">
      <Filter>Matts Custom Libraries\GLM</Filter>
    </ClCompile>
    <ClCompile Include="GLM\glm\modules\GLM-gtx_log_base.ixx">
      <Filter>Matts Custom Libraries\GLM</Filter>
    </ClCompile>
    <ClCompile Include="GLM\glm\modules\GLM-gtx_matrix_cross_product.ixx">
      <Filter>Matts Custom Libraries\GLM</Filter>
    </ClCompile>
    <ClCompile Include="GLM\glm\modules\GLM-gtx_matrix_decompose.ixx">
      <Filter>Matts Custom Libraries\GLM</Filter>
    </ClCompile>
    <ClCompile Include="GLM\glm\modules\GLM-gtx_matrix_factorisation.ixx">
      <Filter>Matts Custom Libraries\GLM</Filter>
    </ClCompile>
    <ClCompile Include="GLM\glm\modules\GLM-gtx_matrix_interpolation.ixx">
      <Filter>Matts Custom Libraries\GLM</Filter>
    </ClCompile>
    <ClCompile Include="GLM\glm\modules\GLM-gtx_matrix_major_storage.ixx">
      <Filter>Matts Custom Libraries\GLM</Filter>
    </ClCompile>
    <ClCompile Include="GLM\glm\modules\GLM-gtx_matrix_operation.ixx">
      <Filter>Matts Custom Libraries\GLM</Filter>
    </ClCompile>
    <ClCompile Include="GLM\glm\modules\GLM-gtx_matrix_query.ixx">
      <Filter>Matts Custom Libraries\GLM</Filter>
    </ClCompile>
    <ClCompile Include="GLM\glm\modules\GLM-gtx_matrix_transform_2d.ixx">
      <Filter>Matts Custom Libraries\GLM</Filter>
    </ClCompile>
    <ClCompile Include="GLM\glm\modules\GLM-gtx_mixed_product.ixx">
      <Filter>Matts Custom Libraries\GLM</Filter>
    </ClCompile>
    <ClCompile Include="GLM\glm\modules\GLM-gtx_norm.ixx">
      <Filter>Matts Custom Libraries\GLM</Filter>
    </ClCompile>
    <ClCompile Include="GLM\glm\modules\GLM-gtx_normal.ixx">
      <Filter>Matts Custom Libraries\GLM</Filter>
    </ClCompile>
    <ClCompile Include="GLM\glm\modules\GLM-gtx_normalize_dot.ixx">
      <Filter>Matts Custom Libraries\GLM</Filter>
    </ClCompile>
    <ClCompile Include="GLM\glm\modules\GLM-gtx_number_precision.ixx">
      <Filter>Matts Custom Libraries\GLM</Filter>
    </ClCompile>
    <ClCompile Include="GLM\glm\modules\GLM-gtx_optimum_pow.ixx">
      <Filter>Matts Custom Libraries\GLM</Filter>
    </ClCompile>
    <ClCompile Include="GLM\glm\modules\GLM-gtx_orthonormalize.ixx">
      <Filter>Matts Custom Libraries\GLM</Filter>
    </ClCompile>
    <ClCompile Include="GLM\glm\modules\GLM-gtx_perpendicular.ixx">
      <Filter>Matts Custom Libraries\GLM</Filter>
    </ClCompile>
    <ClCompile Include="GLM\glm\modules\GLM-gtx_polar_coordinates.ixx">
      <Filter>Matts Custom Libraries\GLM</Filter>
    </ClCompile>
    <ClCompile Include="GLM\glm\modules\GLM-gtx_projection.ixx">
      <Filter>Matts Custom Libraries\GLM</Filter>
    </ClCompile>
    <ClCompile Include="GLM\glm\modules\GLM-gtx_quaternion.ixx">
      <Filter>Matts Custom Libraries\GLM</Filter>
    </ClCompile>
    <ClCompile Include="GLM\glm\modules\GLM-gtx_range.ixx">
      <Filter>Matts Custom Libraries\GLM</Filter>
    </ClCompile>
    <ClCompile Include="GLM\glm\modules\GLM-gtx_raw_data.ixx">
      <Filter>Matts Custom Libraries\GLM</Filter>
    </ClCompile>
    <ClCompile Include="GLM\glm\modules\GLM-gtx_rotate_normalized_axis.ixx">
      <Filter>Matts Custom Libraries\GLM</Filter>
    </ClCompile>
    <ClCompile Include="GLM\glm\modules\GLM-gtx_rotate_vector.ixx">
      <Filter>Matts Custom Libraries\GLM</Filter>
    </ClCompile>
    <ClCompile Include="GLM\glm\modules\GLM-gtx_scalar_multiplication.ixx">
      <Filter>Matts Custom Libraries\GLM</Filter>
    </ClCompile>
    <ClCompile Include="GLM\glm\modules\GLM-gtx_scalar_relational.ixx">
      <Filter>Matts Custom Libraries\GLM</Filter>
    </ClCompile>
    <ClCompile Include="GLM\glm\modules\GLM-gtx_spline.ixx">
      <Filter>Matts Custom Libraries\GLM</Filter>
    </ClCompile>
    <ClCompile Include="GLM\glm\modules\GLM-gtx_std_based_type.ixx">
      <Filter>Matts Custom Libraries\GLM</Filter>
    </ClCompile>
    <ClCompile Include="GLM\glm\modules\GLM-gtx_string_cast.ixx">
      <Filter>Matts Custom Libraries\GLM</Filter>
    </ClCompile>
    <ClCompile Include="GLM\glm\modules\GLM-gtx_texture.ixx">
      <Filter>Matts Custom Libraries\GLM</Filter>
    </ClCompile>
    <ClCompile Include="GLM\glm\modules\GLM-gtx_transform.ixx">
      <Filter>Matts Custom Libraries\GLM</Filter>
    </ClCompile>
    <ClCompile Include="GLM\glm\modules\GLM-gtx_transform2.ixx">
      <Filter>Matts Custom Libraries\GLM</Filter>
    </ClCompile>
    <ClCompile Include="GLM\glm\modules\GLM-gtx_type_aligned.ixx">
      <Filter>Matts Custom Libraries\GLM</Filter>
    </ClCompile>
    <ClCompile Include="GLM\glm\modules\GLM-gtx_type_trait.ixx">
      <Filter>Matts Custom Libraries\GLM</Filter>
    </ClCompile>
    <ClCompile Include="GLM\glm\modules\GLM-gtx_vec_swizzle.ixx">
      <Filter>Matts Custom Libraries\GLM</Filter>
    </ClCompile>
    <ClCompile Include="GLM\glm\modules\GLM-gtx_vector_angle.ixx">
      <Filter>Matts Custom Libraries\GLM</Filter>
    </ClCompile>
    <ClCompile Include="GLM\glm\modules\GLM-gtx_vector_query.ixx">
      <Filter>Matts Custom Libraries\GLM</Filter>
    </ClCompile>
    <ClCompile Include="GLM\glm\modules\GLM-gtx_wrap.ixx">
      <Filter>Matts Custom Libraries\GLM</Filter>
    </ClCompile>
    <ClCompile Include="GLM\glm\modules\GLM-integer.ixx">
      <Filter>Matts Custom Libraries\GLM</Filter>
    </ClCompile>
    <ClCompile Include="GLM\glm\modules\GLM-mat2x2.ixx">
      <Filter>Matts Custom Libraries\GLM</Filter>
    </ClCompile>
    <ClCompile Include="GLM\glm\modules\GLM-mat2x3.ixx">
      <Filter>Matts Custom Libraries\GLM</Filter>
    </ClCompile>
    <ClCompile Include="GLM\glm\modules\GLM-mat2x4.ixx">
      <Filter>Matts Custom Libraries\GLM</Filter>
    </ClCompile>
    <ClCompile Include="GLM\glm\modules\GLM-mat3x2.ixx">
      <Filter>Matts Custom Libraries\GLM</Filter>
    </ClCompile>
    <ClCompile Include="GLM\glm\modules\GLM-mat3x3.ixx">
      <Filter>Matts Custom Libraries\GLM</Filter>
    </ClCompile>
    <ClCompile Include="GLM\glm\modules\GLM-mat3x4.ixx">
      <Filter>Matts Custom Libraries\GLM</Filter>
    </ClCompile>
    <ClCompile Include="GLM\glm\modules\GLM-mat4x2.ixx">
      <Filter>Matts Custom Libraries\GLM</Filter>
    </ClCompile>
    <ClCompile Include="GLM\glm\modules\GLM-mat4x3.ixx">
      <Filter>Matts Custom Libraries\GLM</Filter>
    </ClCompile>
    <ClCompile Include="GLM\glm\modules\GLM-mat4x4.ixx">
      <Filter>Matts Custom Libraries\GLM</Filter>
    </ClCompile>
    <ClCompile Include="GLM\glm\modules\GLM-matrix.ixx">
      <Filter>Matts Custom Libraries\GLM</Filter>
    </ClCompile>
    <ClCompile Include="GLM\glm\modules\GLM-packing.ixx">
      <Filter>Matts Custom Libraries\GLM</Filter>
    </ClCompile>
    <ClCompile Include="GLM\glm\modules\GLM-trigonometric.ixx">
      <Filter>Matts Custom Libraries\GLM</Filter>
    </ClCompile>
    <ClCompile Include="GLM\glm\modules\GLM-vec2.ixx">
      <Filter>Matts Custom Libraries\GLM</Filter>
    </ClCompile>
    <ClCompile Include="GLM\glm\modules\GLM-vec3.ixx">
      <Filter>Matts Custom Libraries\GLM</Filter>
    </ClCompile>
    <ClCompile Include="GLM\glm\modules\GLM-vec4.ixx">
      <Filter>Matts Custom Libraries\GLM</Filter>
    </ClCompile>
    <ClCompile Include="GLM\glm\modules\GLM-vector_relational.ixx">
      <Filter>Matts Custom Libraries\GLM</Filter>
    </ClCompile>
    <ClCompile Include="GLM\glm\modules\GLM-common.ixx">
      <Filter>Matts Custom Libraries\GLM</Filter>
    </ClCompile>
    <ClCompile Include="GLM\glm\modules\GLM.ixx">
      <Filter>Matts Custom Libraries\GLM</Filter>
    </ClCompile>
    <ClCompile Include="KeyboardInput.ixx">
      <Filter>Matts Custom Libraries\KeyboardInput</Filter>
    </ClCompile>
    <ClCompile Include="KeyboardInput-Base.ixx">
      <Filter>Matts Custom Libraries\KeyboardInput</Filter>
    </ClCompile>
    <ClCompile Include="KeyboardInput-WindowsImpl.ixx">
      <Filter>Matts Custom Libraries\KeyboardInput</Filter>
    </ClCompile>
    <ClCompile Include="WindowContext-WindowsImpl.ixx">
      <Filter>Matts Custom Libraries\WindowContext</Filter>
    </ClCompile>
    <ClCompile Include="WindowContext.ixx">
      <Filter>Matts Custom Libraries\WindowContext</Filter>
    </ClCompile>
    <ClCompile Include="WindowContext-Base.ixx">
      <Filter>Matts Custom Libraries\WindowContext</Filter>
    </ClCompile>
    <ClCompile Include="WindowManager.ixx">
      <Filter>Matts Custom Libraries\WindowContext</Filter>
    </ClCompile>
    <ClCompile Include="DebugLogger.ixx">
      <Filter>Matts Custom Libraries\Debug</Filter>
    </ClCompile>
    <ClCompile Include="VK\vulkan.ixx">
      <Filter>Matts Custom Libraries\Vulkan</Filter>
    </ClCompile>
    <ClCompile Include="Shaders\ShaderSources.ixx">
      <Filter>Matts Custom Libraries\Shaders</Filter>
    </ClCompile>
    <ClCompile Include="Shader.ixx">
      <Filter>Matts Custom Libraries\Shaders</Filter>
    </ClCompile>
    <ClCompile Include="Shader.cpp">
      <Filter>Matts Custom Libraries\Shaders</Filter>
    </ClCompile>
    <ClCompile Include="RenderObject.ixx">
      <Filter>Matts Custom Libraries\Objects</Filter>
    </ClCompile>
    <ClCompile Include="RenderObject.cpp">
      <Filter>Matts Custom Libraries\Objects</Filter>
    </ClCompile>
    <ClCompile Include="WindowManager.cpp">
      <Filter>Matts Custom Libraries\WindowContext</Filter>
    </ClCompile>
    <ClCompile Include="OldObjects\BlenderObjectReader.cpp">
      <Filter>Matts Custom Libraries\OldObjects</Filter>
    </ClCompile>
    <ClCompile Include="OldObjects\DynamicWindow.cpp">
      <Filter>Matts Custom Libraries\OldObjects</Filter>
    </ClCompile>
    <ClCompile Include="OldObjects\Main.cpp">
      <Filter>Matts Custom Libraries\OldObjects</Filter>
    </ClCompile>
    <ClCompile Include="OldObjects\MaterialManager.cpp">
      <Filter>Matts Custom Libraries\OldObjects</Filter>
    </ClCompile>
    <ClCompile Include="OldObjects\ObjectBase.cpp">
      <Filter>Matts Custom Libraries\OldObjects</Filter>
    </ClCompile>
    <ClCompile Include="OldObjects\ShaderBase.cpp">
      <Filter>Matts Custom Libraries\OldObjects</Filter>
    </ClCompile>
    <ClCompile Include="OldObjects\ShaderProgram.cpp">
      <Filter>Matts Custom Libraries\OldObjects</Filter>
    </ClCompile>
    <ClCompile Include="OldObjects\ThreadedObjectLoader.cpp">
      <Filter>Matts Custom Libraries\OldObjects</Filter>
    </ClCompile>
    <ClCompile Include="OldObjects\BlenderObject.cpp">
      <Filter>Matts Custom Libraries\OldObjects</Filter>
    </ClCompile>
  </ItemGroup>
  <ItemGroup>
    <None Include="Shaders\VertexShader.glsl">
      <Filter>Matts Custom Libraries\Shaders</Filter>
    </None>
    <None Include="Shaders\FragmentShader.glsl">
      <Filter>Matts Custom Libraries\Shaders</Filter>
    </None>
  </ItemGroup>
  <ItemGroup>
    <ClInclude Include="OldObjects\BlenderObject.h">
      <Filter>Matts Custom Libraries\OldObjects</Filter>
    </ClInclude>
    <ClInclude Include="OldObjects\BlenderObjectReader.h">
      <Filter>Matts Custom Libraries\OldObjects</Filter>
    </ClInclude>
    <ClInclude Include="OldObjects\Camera.h">
      <Filter>Matts Custom Libraries\OldObjects</Filter>
    </ClInclude>
    <ClInclude Include="OldObjects\DynamicWindow.h">
      <Filter>Matts Custom Libraries\OldObjects</Filter>
    </ClInclude>
    <ClInclude Include="OldObjects\MaterialManager.h">
      <Filter>Matts Custom Libraries\OldObjects</Filter>
    </ClInclude>
    <ClInclude Include="OldObjects\ObjectBase.h">
      <Filter>Matts Custom Libraries\OldObjects</Filter>
    </ClInclude>
    <ClInclude Include="OldObjects\ReadBlenderFile.h">
      <Filter>Matts Custom Libraries\OldObjects</Filter>
    </ClInclude>
    <ClInclude Include="OldObjects\ShaderBase.h">
      <Filter>Matts Custom Libraries\OldObjects</Filter>
    </ClInclude>
    <ClInclude Include="OldObjects\ShaderProgram.h">
      <Filter>Matts Custom Libraries\OldObjects</Filter>
    </ClInclude>
    <ClInclude Include="OldObjects\ThreadedObjectLoader.h">
      <Filter>Matts Custom Libraries\OldObjects</Filter>
    </ClInclude>
    <ClInclude Include="OldObjects\VectorOutput.h">
      <Filter>Matts Custom Libraries\OldObjects</Filter>
    </ClInclude>
  </ItemGroup>
</Project>